// !$*UTF8*$!
{
	archiveVersion = 1;
	classes = {
	};
	objectVersion = 56;
	objects = {

/* Begin PBXAggregateTarget section */
		EB8B06392C918FC500592B9C /* Universal-VWO-FME */ = {
			isa = PBXAggregateTarget;
			buildConfigurationList = EB8B063A2C918FC500592B9C /* Build configuration list for PBXAggregateTarget "Universal-VWO-FME" */;
			buildPhases = (
				EB8B063D2C918FD200592B9C /* ShellScript */,
			);
			dependencies = (
			);
			name = "Universal-VWO-FME";
			productName = "Universal-VWO-FME";
		};
/* End PBXAggregateTarget section */

/* Begin PBXBuildFile section */
		BA5DD5E52E321FED00D3A127 /* SdkMetaInfo.swift in Sources */ = {isa = PBXBuildFile; fileRef = BA5DD5E42E321FDF00D3A127 /* SdkMetaInfo.swift */; };
		BA5DD5E72E3225DC00D3A127 /* EventsUtils.swift in Sources */ = {isa = PBXBuildFile; fileRef = BA5DD5E62E3225D200D3A127 /* EventsUtils.swift */; };
		BA6CF04F2E431F9E00FE5740 /* DeviceUtil.swift in Sources */ = {isa = PBXBuildFile; fileRef = BA6CF04D2E431E8700FE5740 /* DeviceUtil.swift */; };
		BAD427462E12763800C5C011 /* VWOStorageConnector.swift in Sources */ = {isa = PBXBuildFile; fileRef = BAD427452E12763800C5C011 /* VWOStorageConnector.swift */; };
		BAD427492E12766100C5C011 /* StorageConnectorProvider.swift in Sources */ = {isa = PBXBuildFile; fileRef = BAD427472E12766100C5C011 /* StorageConnectorProvider.swift */; };
		BAE6CFE72E4384880041118A /* SegmentOperandEvaluatorTests.swift in Sources */ = {isa = PBXBuildFile; fileRef = BAE6CFE62E4384880041118A /* SegmentOperandEvaluatorTests.swift */; };
		BAE6CFE92E4396360041118A /* DeviceUtilTests.swift in Sources */ = {isa = PBXBuildFile; fileRef = BAE6CFE82E4396360041118A /* DeviceUtilTests.swift */; };
		EB06C7842C90229B00A25E07 /* VWO_FME.h in Headers */ = {isa = PBXBuildFile; fileRef = EB06C7832C90229B00A25E07 /* VWO_FME.h */; settings = {ATTRIBUTES = (Public, ); }; };
		EB06C7902C90234F00A25E07 /* info-messages.json in Resources */ = {isa = PBXBuildFile; fileRef = EB06C78F2C90233600A25E07 /* info-messages.json */; };
		EB06C7912C90234F00A25E07 /* warn-messages.json in Resources */ = {isa = PBXBuildFile; fileRef = EB06C78C2C90233600A25E07 /* warn-messages.json */; };
		EB06C7922C90234F00A25E07 /* debug-messages.json in Resources */ = {isa = PBXBuildFile; fileRef = EB06C78D2C90233600A25E07 /* debug-messages.json */; };
		EB06C7932C90234F00A25E07 /* error-messages.json in Resources */ = {isa = PBXBuildFile; fileRef = EB06C78E2C90233600A25E07 /* error-messages.json */; };
		EB06C7942C90234F00A25E07 /* trace-messages.json in Resources */ = {isa = PBXBuildFile; fileRef = EB06C78B2C90233600A25E07 /* trace-messages.json */; };
		EB06C7992C90239C00A25E07 /* VWOBuilder.swift in Sources */ = {isa = PBXBuildFile; fileRef = EB06C7982C90238F00A25E07 /* VWOBuilder.swift */; };
		EB06C79A2C90239C00A25E07 /* VWO.swift in Sources */ = {isa = PBXBuildFile; fileRef = EB06C7962C90238F00A25E07 /* VWO.swift */; };
		EB06C79B2C90239C00A25E07 /* VWOClient.swift in Sources */ = {isa = PBXBuildFile; fileRef = EB06C7972C90238F00A25E07 /* VWOClient.swift */; };
		EB06C7B82C9023E500A25E07 /* ImpactCampaign.swift in Sources */ = {isa = PBXBuildFile; fileRef = EB06C7A72C9023DA00A25E07 /* ImpactCampaign.swift */; };
		EB06C7B92C9023E500A25E07 /* Metric.swift in Sources */ = {isa = PBXBuildFile; fileRef = EB06C7B02C9023DA00A25E07 /* Metric.swift */; };
		EB06C7BA2C9023E500A25E07 /* Feature.swift in Sources */ = {isa = PBXBuildFile; fileRef = EB06C7AF2C9023DA00A25E07 /* Feature.swift */; };
		EB06C7BB2C9023E500A25E07 /* Campaign.swift in Sources */ = {isa = PBXBuildFile; fileRef = EB06C7B22C9023DA00A25E07 /* Campaign.swift */; };
		EB06C7BC2C9023E500A25E07 /* Group.swift in Sources */ = {isa = PBXBuildFile; fileRef = EB06C7B42C9023DA00A25E07 /* Group.swift */; };
		EB06C7BD2C9023E700A25E07 /* Rule.swift in Sources */ = {isa = PBXBuildFile; fileRef = EB06C79D2C9023D900A25E07 /* Rule.swift */; };
		EB06C7BE2C9023EB00A25E07 /* Setting.swift in Sources */ = {isa = PBXBuildFile; fileRef = EB06C7B12C9023DA00A25E07 /* Setting.swift */; };
		EB06C7BF2C9023EB00A25E07 /* SegmentDslModel.swift in Sources */ = {isa = PBXBuildFile; fileRef = EB06C79F2C9023D900A25E07 /* SegmentDslModel.swift */; };
		EB06C7C02C9023EB00A25E07 /* Storage.swift in Sources */ = {isa = PBXBuildFile; fileRef = EB06C7B52C9023DA00A25E07 /* Storage.swift */; };
		EB06C7C12C9023EE00A25E07 /* Variable.swift in Sources */ = {isa = PBXBuildFile; fileRef = EB06C79E2C9023D900A25E07 /* Variable.swift */; };
		EB06C7C22C9023EE00A25E07 /* Variation.swift in Sources */ = {isa = PBXBuildFile; fileRef = EB06C7B32C9023DA00A25E07 /* Variation.swift */; };
		EB06C7C32C9023F000A25E07 /* Visitor.swift in Sources */ = {isa = PBXBuildFile; fileRef = EB06C7A62C9023D900A25E07 /* Visitor.swift */; };
		EB06C7C62C90241E00A25E07 /* Constants.swift in Sources */ = {isa = PBXBuildFile; fileRef = EB06C7C52C90241C00A25E07 /* Constants.swift */; };
		EB06C7D52C90243300A25E07 /* RuleEvaluationUtil.swift in Sources */ = {isa = PBXBuildFile; fileRef = EB06C7D22C90243000A25E07 /* RuleEvaluationUtil.swift */; };
		EB06C7D62C90243300A25E07 /* UUIDUtils.swift in Sources */ = {isa = PBXBuildFile; fileRef = EB06C7CA2C90242F00A25E07 /* UUIDUtils.swift */; };
		EB06C7D72C90243300A25E07 /* FunctionUtil.swift in Sources */ = {isa = PBXBuildFile; fileRef = EB06C7D02C90243000A25E07 /* FunctionUtil.swift */; };
		EB06C7D82C90243300A25E07 /* DataTypeUtil.swift in Sources */ = {isa = PBXBuildFile; fileRef = EB06C7C82C90242F00A25E07 /* DataTypeUtil.swift */; };
		EB06C7D92C90243300A25E07 /* ImpressionUtil.swift in Sources */ = {isa = PBXBuildFile; fileRef = EB06C7CB2C90242F00A25E07 /* ImpressionUtil.swift */; };
		EB06C7DA2C90243300A25E07 /* DecisionUtil.swift in Sources */ = {isa = PBXBuildFile; fileRef = EB06C7CC2C90242F00A25E07 /* DecisionUtil.swift */; };
		EB06C7DB2C90243300A25E07 /* CampaignUtil.swift in Sources */ = {isa = PBXBuildFile; fileRef = EB06C7CD2C90242F00A25E07 /* CampaignUtil.swift */; };
		EB06C7DC2C90243300A25E07 /* LogMessageUtil.swift in Sources */ = {isa = PBXBuildFile; fileRef = EB06C7CE2C90243000A25E07 /* LogMessageUtil.swift */; };
		EB06C7DD2C90243300A25E07 /* SettingUtil.swift in Sources */ = {isa = PBXBuildFile; fileRef = EB06C7C92C90242F00A25E07 /* SettingUtil.swift */; };
		EB06C7DE2C90243300A25E07 /* GatewayServiceUtil.swift in Sources */ = {isa = PBXBuildFile; fileRef = EB06C7CF2C90243000A25E07 /* GatewayServiceUtil.swift */; };
		EB06C7DF2C90243300A25E07 /* NetworkUtil.swift in Sources */ = {isa = PBXBuildFile; fileRef = EB06C7D32C90243000A25E07 /* NetworkUtil.swift */; };
		EB06C7E02C90243300A25E07 /* SDKMetaUtil.swift in Sources */ = {isa = PBXBuildFile; fileRef = EB06C7D12C90243000A25E07 /* SDKMetaUtil.swift */; };
		EB06C7E12C90243300A25E07 /* MegUtil.swift in Sources */ = {isa = PBXBuildFile; fileRef = EB06C7D42C90243000A25E07 /* MegUtil.swift */; };
		EB06C7EB2C90245300A25E07 /* EventEnum.swift in Sources */ = {isa = PBXBuildFile; fileRef = EB06C7E42C90245000A25E07 /* EventEnum.swift */; };
		EB06C7EC2C90245300A25E07 /* CampaignTypeEnum.swift in Sources */ = {isa = PBXBuildFile; fileRef = EB06C7E62C90245000A25E07 /* CampaignTypeEnum.swift */; };
		EB06C7ED2C90245300A25E07 /* HooksEnum.swift in Sources */ = {isa = PBXBuildFile; fileRef = EB06C7EA2C90245000A25E07 /* HooksEnum.swift */; };
		EB06C7EE2C90245300A25E07 /* HeadersEnum.swift in Sources */ = {isa = PBXBuildFile; fileRef = EB06C7E32C90245000A25E07 /* HeadersEnum.swift */; };
		EB06C7EF2C90245300A25E07 /* StorageEnum.swift in Sources */ = {isa = PBXBuildFile; fileRef = EB06C7E92C90245000A25E07 /* StorageEnum.swift */; };
		EB06C7F02C90245300A25E07 /* UrlEnum.swift in Sources */ = {isa = PBXBuildFile; fileRef = EB06C7E52C90245000A25E07 /* UrlEnum.swift */; };
		EB06C7F12C90245300A25E07 /* ApiEnum.swift in Sources */ = {isa = PBXBuildFile; fileRef = EB06C7E72C90245000A25E07 /* ApiEnum.swift */; };
		EB06C7F22C90245300A25E07 /* StatusEnum.swift in Sources */ = {isa = PBXBuildFile; fileRef = EB06C7E82C90245000A25E07 /* StatusEnum.swift */; };
		EB06C7FA2C90247600A25E07 /* CampaignDecisionService.swift in Sources */ = {isa = PBXBuildFile; fileRef = EB06C7F52C90246E00A25E07 /* CampaignDecisionService.swift */; };
		EB06C7FB2C90247600A25E07 /* LoggerService.swift in Sources */ = {isa = PBXBuildFile; fileRef = EB06C7F82C90246E00A25E07 /* LoggerService.swift */; };
		EB06C7FC2C90247600A25E07 /* SettingManager.swift in Sources */ = {isa = PBXBuildFile; fileRef = EB06C7F62C90246E00A25E07 /* SettingManager.swift */; };
		EB06C7FE2C90247600A25E07 /* HooksManager.swift in Sources */ = {isa = PBXBuildFile; fileRef = EB06C7F42C90246E00A25E07 /* HooksManager.swift */; };
		EB06C7FF2C90247600A25E07 /* UrlService.swift in Sources */ = {isa = PBXBuildFile; fileRef = EB06C7F92C90246E00A25E07 /* UrlService.swift */; };
		EB06C8612C90260700A25E07 /* LogLevelEnum.swift in Sources */ = {isa = PBXBuildFile; fileRef = EB06C8602C90260400A25E07 /* LogLevelEnum.swift */; };
		EB06C8622C90260900A25E07 /* LogManager.swift in Sources */ = {isa = PBXBuildFile; fileRef = EB06C85F2C90260100A25E07 /* LogManager.swift */; };
		EB06C86F2C90264A00A25E07 /* DecisionMaker.swift in Sources */ = {isa = PBXBuildFile; fileRef = EB06C86E2C90264600A25E07 /* DecisionMaker.swift */; };
		EB06C8732C90266D00A25E07 /* RequestHandler.swift in Sources */ = {isa = PBXBuildFile; fileRef = EB06C8722C90266A00A25E07 /* RequestHandler.swift */; };
		EB06C8762C90267C00A25E07 /* NetworkManager.swift in Sources */ = {isa = PBXBuildFile; fileRef = EB06C8752C90267A00A25E07 /* NetworkManager.swift */; };
		EB06C87A2C90269600A25E07 /* NetworkClient.swift in Sources */ = {isa = PBXBuildFile; fileRef = EB06C8792C90269300A25E07 /* NetworkClient.swift */; };
		EB06C87E2C90269F00A25E07 /* RequestModel.swift in Sources */ = {isa = PBXBuildFile; fileRef = EB06C87C2C90269B00A25E07 /* RequestModel.swift */; };
		EB06C87F2C90269F00A25E07 /* GlobalRequestModel.swift in Sources */ = {isa = PBXBuildFile; fileRef = EB06C87D2C90269C00A25E07 /* GlobalRequestModel.swift */; };
		EB06C8802C90269F00A25E07 /* ResponseModel.swift in Sources */ = {isa = PBXBuildFile; fileRef = EB06C87B2C90269B00A25E07 /* ResponseModel.swift */; };
		EB06C88C2C9026E200A25E07 /* SegmentationManager.swift in Sources */ = {isa = PBXBuildFile; fileRef = EB06C88B2C9026DE00A25E07 /* SegmentationManager.swift */; };
		EB06C8902C9026EB00A25E07 /* SegmentOperatorValueEnum.swift in Sources */ = {isa = PBXBuildFile; fileRef = EB06C88D2C9026E900A25E07 /* SegmentOperatorValueEnum.swift */; };
		EB06C8912C9026EB00A25E07 /* SegmentOperandRegexEnum.swift in Sources */ = {isa = PBXBuildFile; fileRef = EB06C88E2C9026E900A25E07 /* SegmentOperandRegexEnum.swift */; };
		EB06C8922C9026EB00A25E07 /* SegmentOperandValueEnum.swift in Sources */ = {isa = PBXBuildFile; fileRef = EB06C88F2C9026E900A25E07 /* SegmentOperandValueEnum.swift */; };
		EB06C8952C9026F400A25E07 /* SegmentEvaluator.swift in Sources */ = {isa = PBXBuildFile; fileRef = EB06C8932C9026F100A25E07 /* SegmentEvaluator.swift */; };
		EB06C8962C9026F400A25E07 /* SegmentOperandEvaluator.swift in Sources */ = {isa = PBXBuildFile; fileRef = EB06C8942C9026F100A25E07 /* SegmentOperandEvaluator.swift */; };
		EB06C8982C9026FB00A25E07 /* SegmentUtil.swift in Sources */ = {isa = PBXBuildFile; fileRef = EB06C8972C9026F800A25E07 /* SegmentUtil.swift */; };
		EB06C8992C90273500A25E07 /* VWOUserContext.swift in Sources */ = {isa = PBXBuildFile; fileRef = EB06C7A12C9023D900A25E07 /* VWOUserContext.swift */; };
		EB06C89A2C90273500A25E07 /* GatewayService.swift in Sources */ = {isa = PBXBuildFile; fileRef = EB06C7A32C9023D900A25E07 /* GatewayService.swift */; };
		EB06C89B2C90273500A25E07 /* VWOInitOptions.swift in Sources */ = {isa = PBXBuildFile; fileRef = EB06C7A22C9023D900A25E07 /* VWOInitOptions.swift */; };
		EB06C89C2C90273500A25E07 /* GetFlag.swift in Sources */ = {isa = PBXBuildFile; fileRef = EB06C7A42C9023D900A25E07 /* GetFlag.swift */; };
		EB06C89D2C90274400A25E07 /* SettingSchema.swift in Sources */ = {isa = PBXBuildFile; fileRef = EB06C7B72C9023DA00A25E07 /* SettingSchema.swift */; };
		EB06C89E2C90274C00A25E07 /* Props.swift in Sources */ = {isa = PBXBuildFile; fileRef = EB06C7AC2C9023DA00A25E07 /* Props.swift */; };
		EB06C89F2C90274C00A25E07 /* EventArchData.swift in Sources */ = {isa = PBXBuildFile; fileRef = EB06C7AE2C9023DA00A25E07 /* EventArchData.swift */; };
		EB06C8A02C90274C00A25E07 /* EventArchPayload.swift in Sources */ = {isa = PBXBuildFile; fileRef = EB06C7AB2C9023DA00A25E07 /* EventArchPayload.swift */; };
		EB06C8A12C90274C00A25E07 /* RequestQueryParams.swift in Sources */ = {isa = PBXBuildFile; fileRef = EB06C7A92C9023DA00A25E07 /* RequestQueryParams.swift */; };
		EB06C8A22C90274C00A25E07 /* SettingsQueryParams.swift in Sources */ = {isa = PBXBuildFile; fileRef = EB06C7AD2C9023DA00A25E07 /* SettingsQueryParams.swift */; };
		EB06C8A32C90274C00A25E07 /* Event.swift in Sources */ = {isa = PBXBuildFile; fileRef = EB06C7AA2C9023DA00A25E07 /* Event.swift */; };
		EB22C9DA2C946A8C00381E34 /* LocalStorageService.swift in Sources */ = {isa = PBXBuildFile; fileRef = EB22C9D92C946A8C00381E34 /* LocalStorageService.swift */; };
		EB373E6A2D9D2B51005713D1 /* VWO_FMETests.swift in Sources */ = {isa = PBXBuildFile; fileRef = EB373E692D9D2B51005713D1 /* VWO_FMETests.swift */; };
		EB373E6B2D9D2B51005713D1 /* VWO_FME.framework in Frameworks */ = {isa = PBXBuildFile; fileRef = EB06C7802C90229B00A25E07 /* VWO_FME.framework */; };
		EB373E752D9D484C005713D1 /* DecisionMakerTests.swift in Sources */ = {isa = PBXBuildFile; fileRef = EB373E742D9D484C005713D1 /* DecisionMakerTests.swift */; };
		EB373E782D9E7E08005713D1 /* SegmentEvaluatorTests.swift in Sources */ = {isa = PBXBuildFile; fileRef = EB373E772D9E7E08005713D1 /* SegmentEvaluatorTests.swift */; };
		EB373E7A2D9E98CA005713D1 /* SegmentEvaluatorTest.json in Resources */ = {isa = PBXBuildFile; fileRef = EB373E792D9E98CA005713D1 /* SegmentEvaluatorTest.json */; };
		EB373E7C2D9E99C9005713D1 /* TestDataLoader.swift in Sources */ = {isa = PBXBuildFile; fileRef = EB373E7B2D9E99C9005713D1 /* TestDataLoader.swift */; };
		EB373E842DA54B4D005713D1 /* GetFlagTest.json in Resources */ = {isa = PBXBuildFile; fileRef = EB373E832DA54B4D005713D1 /* GetFlagTest.json */; };
		EB373E862DA54B77005713D1 /* GetFlagTests.swift in Sources */ = {isa = PBXBuildFile; fileRef = EB373E852DA54B77005713D1 /* GetFlagTests.swift */; };
		EB373E8A2DA637C2005713D1 /* MockHookManager.swift in Sources */ = {isa = PBXBuildFile; fileRef = EB373E892DA637C2005713D1 /* MockHookManager.swift */; };
		EB373E8E2DA649DA005713D1 /* FlagTestDataLoader.swift in Sources */ = {isa = PBXBuildFile; fileRef = EB373E8D2DA649DA005713D1 /* FlagTestDataLoader.swift */; };
		EB373E912DA65583005713D1 /* OnlyRolloutSettings.json in Resources */ = {isa = PBXBuildFile; fileRef = EB373E902DA65583005713D1 /* OnlyRolloutSettings.json */; };
		EB373E972DA7DCC5005713D1 /* RolloutAndTestingSettings.json in Resources */ = {isa = PBXBuildFile; fileRef = EB373E962DA7DCC5005713D1 /* RolloutAndTestingSettings.json */; };
		EB373E992DA7DCE9005713D1 /* RolloutAndTestingSettingsWithPreSegment.json in Resources */ = {isa = PBXBuildFile; fileRef = EB373E982DA7DCE9005713D1 /* RolloutAndTestingSettingsWithPreSegment.json */; };
		EB373E9B2DA7DD0E005713D1 /* MegAdvanceAlgoCampaignSettings.json in Resources */ = {isa = PBXBuildFile; fileRef = EB373E9A2DA7DD0E005713D1 /* MegAdvanceAlgoCampaignSettings.json */; };
		EB373E9D2DA7DD20005713D1 /* MegRandomAlgoCampaignSettings.json in Resources */ = {isa = PBXBuildFile; fileRef = EB373E9C2DA7DD20005713D1 /* MegRandomAlgoCampaignSettings.json */; };
		EB373E9F2DA7DD33005713D1 /* NoRolloutAndOnlyTestingSettings.json in Resources */ = {isa = PBXBuildFile; fileRef = EB373E9E2DA7DD33005713D1 /* NoRolloutAndOnlyTestingSettings.json */; };
		EB373EA12DA7DD47005713D1 /* SettingsWithDifferentSalt.json in Resources */ = {isa = PBXBuildFile; fileRef = EB373EA02DA7DD47005713D1 /* SettingsWithDifferentSalt.json */; };
		EB373EA32DA7DD57005713D1 /* SettingsWithSameSalt.json in Resources */ = {isa = PBXBuildFile; fileRef = EB373EA22DA7DD57005713D1 /* SettingsWithSameSalt.json */; };
		EB373EA52DA7DD66005713D1 /* SettingsWithWhitelisting.json in Resources */ = {isa = PBXBuildFile; fileRef = EB373EA42DA7DD66005713D1 /* SettingsWithWhitelisting.json */; };
		EB373EAC2DAE1FC2005713D1 /* UUIDUtilsTests.swift in Sources */ = {isa = PBXBuildFile; fileRef = EB373EAB2DAE1FC2005713D1 /* UUIDUtilsTests.swift */; };
		EB373EAF2DAE4344005713D1 /* TrackEventTests.swift in Sources */ = {isa = PBXBuildFile; fileRef = EB373EAE2DAE4344005713D1 /* TrackEventTests.swift */; };
		EB373EB12DAE69EC005713D1 /* FunctionUtilTests.swift in Sources */ = {isa = PBXBuildFile; fileRef = EB373EB02DAE69EC005713D1 /* FunctionUtilTests.swift */; };
		EB373EB82DAE8013005713D1 /* SettingUtilTests.swift in Sources */ = {isa = PBXBuildFile; fileRef = EB373EB72DAE8013005713D1 /* SettingUtilTests.swift */; };
		EB373EBA2DAE825A005713D1 /* UtilitySettings.json in Resources */ = {isa = PBXBuildFile; fileRef = EB373EB92DAE824F005713D1 /* UtilitySettings.json */; };
		EB373EBD2DAE9AF5005713D1 /* FmeConfigTests.swift in Sources */ = {isa = PBXBuildFile; fileRef = EB373EBC2DAE9AF5005713D1 /* FmeConfigTests.swift */; };
		EB373EC02DAF82A2005713D1 /* EventDataManagerTests.swift in Sources */ = {isa = PBXBuildFile; fileRef = EB373EBF2DAF82A2005713D1 /* EventDataManagerTests.swift */; };
		EB373EC32DAFA8A6005713D1 /* DictionaryTests.swift in Sources */ = {isa = PBXBuildFile; fileRef = EB373EC22DAFA8A6005713D1 /* DictionaryTests.swift */; };
		EB373EC72DB92A13005713D1 /* UsageStatsUtil.swift in Sources */ = {isa = PBXBuildFile; fileRef = EB373EC62DB92A13005713D1 /* UsageStatsUtil.swift */; };
		EB544EFD2DD5DD20006AA817 /* LogManagerTests.swift in Sources */ = {isa = PBXBuildFile; fileRef = EB544EFC2DD5DD20006AA817 /* LogManagerTests.swift */; };
		EB544F012DD5F788006AA817 /* SegmentOperatorValueEnumTests.swift in Sources */ = {isa = PBXBuildFile; fileRef = EB544F002DD5F788006AA817 /* SegmentOperatorValueEnumTests.swift */; };
		EB544F042DD5FA08006AA817 /* FeatureTests.swift in Sources */ = {isa = PBXBuildFile; fileRef = EB544F032DD5FA08006AA817 /* FeatureTests.swift */; };
		EB544F072DD5FBA6006AA817 /* EnumTests.swift in Sources */ = {isa = PBXBuildFile; fileRef = EB544F062DD5FBA6006AA817 /* EnumTests.swift */; };
		EB544F0C2DD60E76006AA817 /* SettingsSchemaTests.swift in Sources */ = {isa = PBXBuildFile; fileRef = EB544F0B2DD60E76006AA817 /* SettingsSchemaTests.swift */; };
		EB544F0E2DD61176006AA817 /* EmptySettings.json in Resources */ = {isa = PBXBuildFile; fileRef = EB544F0D2DD61176006AA817 /* EmptySettings.json */; };
		EB544F112DD613D8006AA817 /* UsageStatsTests.swift in Sources */ = {isa = PBXBuildFile; fileRef = EB544F102DD613D8006AA817 /* UsageStatsTests.swift */; };
		EB544F132DD72851006AA817 /* RolloutAndTestingSettingsWithPreSegmentMobile.json in Resources */ = {isa = PBXBuildFile; fileRef = EB544F122DD7284E006AA817 /* RolloutAndTestingSettingsWithPreSegmentMobile.json */; };
		EB544F152DD7379A006AA817 /* RolloutAndTestingSettingsWithPreSegmentMobileUA.json in Resources */ = {isa = PBXBuildFile; fileRef = EB544F142DD73758006AA817 /* RolloutAndTestingSettingsWithPreSegmentMobileUA.json */; };
		EB544F172DD73E28006AA817 /* DataTypeUtilTests.swift in Sources */ = {isa = PBXBuildFile; fileRef = EB544F162DD73E28006AA817 /* DataTypeUtilTests.swift */; };
		EB544F1B2DD75335006AA817 /* RolloutAndTestingSettingsWithPreSegmentFeatureFlagStatus.json in Resources */ = {isa = PBXBuildFile; fileRef = EB544F1A2DD75275006AA817 /* RolloutAndTestingSettingsWithPreSegmentFeatureFlagStatus.json */; };
		EB544F1F2DD77D2F006AA817 /* RolloutAndTestingSettingsInlist.json in Resources */ = {isa = PBXBuildFile; fileRef = EB544F1E2DD77D1E006AA817 /* RolloutAndTestingSettingsInlist.json */; };
		EB544F222DD784A3006AA817 /* SyncManagerTests.swift in Sources */ = {isa = PBXBuildFile; fileRef = EB544F212DD784A3006AA817 /* SyncManagerTests.swift */; };
		EB5500862CA51C3C00A8B729 /* GetFlagAPI.swift in Sources */ = {isa = PBXBuildFile; fileRef = EB5500852CA51C3C00A8B729 /* GetFlagAPI.swift */; };
		EB5500872CA51C3C00A8B729 /* SetAttributeAPI.swift in Sources */ = {isa = PBXBuildFile; fileRef = EB5500832CA51C3C00A8B729 /* SetAttributeAPI.swift */; };
		EB5500882CA51C3C00A8B729 /* TrackEventAPI.swift in Sources */ = {isa = PBXBuildFile; fileRef = EB5500842CA51C3C00A8B729 /* TrackEventAPI.swift */; };
		EB7A73372DDC67190034279F /* CampaignUtilTests.swift in Sources */ = {isa = PBXBuildFile; fileRef = EB7A73362DDC67190034279F /* CampaignUtilTests.swift */; };
		EB7A73392DDC6DC60034279F /* RolloutAndTestingSettingsUserInlist.json in Resources */ = {isa = PBXBuildFile; fileRef = EB7A73382DDC6DB70034279F /* RolloutAndTestingSettingsUserInlist.json */; };
		EB7E3D6A2D27D3D3009B572F /* OffineEventData.xcdatamodeld in Sources */ = {isa = PBXBuildFile; fileRef = EB7E3D682D27D3D3009B572F /* OffineEventData.xcdatamodeld */; };
		EB7E3D712D27D7A8009B572F /* EventData+CoreDataClass.swift in Sources */ = {isa = PBXBuildFile; fileRef = EB7E3D6F2D27D7A8009B572F /* EventData+CoreDataClass.swift */; };
		EB7E3D722D27D7A8009B572F /* EventData+CoreDataProperties.swift in Sources */ = {isa = PBXBuildFile; fileRef = EB7E3D702D27D7A8009B572F /* EventData+CoreDataProperties.swift */; };
		EB7E3D752D27F351009B572F /* CoreDataStack.swift in Sources */ = {isa = PBXBuildFile; fileRef = EB7E3D742D27F351009B572F /* CoreDataStack.swift */; };
		EB7E3D772D27FAE5009B572F /* SyncManager.swift in Sources */ = {isa = PBXBuildFile; fileRef = EB7E3D762D27FAE5009B572F /* SyncManager.swift */; };
		EB8560A72D364C2A00565862 /* FmeConfig.swift in Sources */ = {isa = PBXBuildFile; fileRef = EB8560A62D364C2A00565862 /* FmeConfig.swift */; };
		EB8560A92D364CBF00565862 /* FmeSession.swift in Sources */ = {isa = PBXBuildFile; fileRef = EB8560A82D364CBF00565862 /* FmeSession.swift */; };
		EB8D4B0C2D2BB49F00DB924A /* EventBatchQueryParams.swift in Sources */ = {isa = PBXBuildFile; fileRef = EB8D4B0B2D2BB49F00DB924A /* EventBatchQueryParams.swift */; };
		EB8D4B0F2D2BE96800DB924A /* NetworkMonitor.swift in Sources */ = {isa = PBXBuildFile; fileRef = EB8D4B0E2D2BE96700DB924A /* NetworkMonitor.swift */; };
		EB99AC812D2FF4E40011AC6C /* EventDataManager.swift in Sources */ = {isa = PBXBuildFile; fileRef = EB99AC802D2FF4E40011AC6C /* EventDataManager.swift */; };
		EBF290202C9057A6004BEA87 /* VWOInitEnum.swift in Sources */ = {isa = PBXBuildFile; fileRef = EBF2901F2C9057A6004BEA87 /* VWOInitEnum.swift */; };
/* End PBXBuildFile section */

/* Begin PBXContainerItemProxy section */
		EB373E6C2D9D2B51005713D1 /* PBXContainerItemProxy */ = {
			isa = PBXContainerItemProxy;
			containerPortal = EB06C7772C90229B00A25E07 /* Project object */;
			proxyType = 1;
			remoteGlobalIDString = EB06C77F2C90229B00A25E07;
			remoteInfo = "VWO-FME";
		};
/* End PBXContainerItemProxy section */

/* Begin PBXFileReference section */
		BA5DD5E42E321FDF00D3A127 /* SdkMetaInfo.swift */ = {isa = PBXFileReference; lastKnownFileType = sourcecode.swift; path = SdkMetaInfo.swift; sourceTree = "<group>"; };
		BA5DD5E62E3225D200D3A127 /* EventsUtils.swift */ = {isa = PBXFileReference; lastKnownFileType = sourcecode.swift; path = EventsUtils.swift; sourceTree = "<group>"; };
		BA6CF04D2E431E8700FE5740 /* DeviceUtil.swift */ = {isa = PBXFileReference; lastKnownFileType = sourcecode.swift; path = DeviceUtil.swift; sourceTree = "<group>"; };
		BAD427452E12763800C5C011 /* VWOStorageConnector.swift */ = {isa = PBXFileReference; lastKnownFileType = sourcecode.swift; path = VWOStorageConnector.swift; sourceTree = "<group>"; };
		BAD427472E12766100C5C011 /* StorageConnectorProvider.swift */ = {isa = PBXFileReference; lastKnownFileType = sourcecode.swift; path = StorageConnectorProvider.swift; sourceTree = "<group>"; };
		BAE6CFE62E4384880041118A /* SegmentOperandEvaluatorTests.swift */ = {isa = PBXFileReference; lastKnownFileType = sourcecode.swift; path = SegmentOperandEvaluatorTests.swift; sourceTree = "<group>"; };
		BAE6CFE82E4396360041118A /* DeviceUtilTests.swift */ = {isa = PBXFileReference; lastKnownFileType = sourcecode.swift; path = DeviceUtilTests.swift; sourceTree = "<group>"; };
		EB06C7802C90229B00A25E07 /* VWO_FME.framework */ = {isa = PBXFileReference; explicitFileType = wrapper.framework; includeInIndex = 0; path = VWO_FME.framework; sourceTree = BUILT_PRODUCTS_DIR; };
		EB06C7832C90229B00A25E07 /* VWO_FME.h */ = {isa = PBXFileReference; lastKnownFileType = sourcecode.c.h; path = VWO_FME.h; sourceTree = "<group>"; };
		EB06C78B2C90233600A25E07 /* trace-messages.json */ = {isa = PBXFileReference; lastKnownFileType = text.json; path = "trace-messages.json"; sourceTree = "<group>"; };
		EB06C78C2C90233600A25E07 /* warn-messages.json */ = {isa = PBXFileReference; lastKnownFileType = text.json; path = "warn-messages.json"; sourceTree = "<group>"; };
		EB06C78D2C90233600A25E07 /* debug-messages.json */ = {isa = PBXFileReference; lastKnownFileType = text.json; path = "debug-messages.json"; sourceTree = "<group>"; };
		EB06C78E2C90233600A25E07 /* error-messages.json */ = {isa = PBXFileReference; lastKnownFileType = text.json; path = "error-messages.json"; sourceTree = "<group>"; };
		EB06C78F2C90233600A25E07 /* info-messages.json */ = {isa = PBXFileReference; lastKnownFileType = text.json; path = "info-messages.json"; sourceTree = "<group>"; };
		EB06C7962C90238F00A25E07 /* VWO.swift */ = {isa = PBXFileReference; lastKnownFileType = sourcecode.swift; path = VWO.swift; sourceTree = "<group>"; };
		EB06C7972C90238F00A25E07 /* VWOClient.swift */ = {isa = PBXFileReference; lastKnownFileType = sourcecode.swift; path = VWOClient.swift; sourceTree = "<group>"; };
		EB06C7982C90238F00A25E07 /* VWOBuilder.swift */ = {isa = PBXFileReference; lastKnownFileType = sourcecode.swift; path = VWOBuilder.swift; sourceTree = "<group>"; };
		EB06C79D2C9023D900A25E07 /* Rule.swift */ = {isa = PBXFileReference; lastKnownFileType = sourcecode.swift; path = Rule.swift; sourceTree = "<group>"; };
		EB06C79E2C9023D900A25E07 /* Variable.swift */ = {isa = PBXFileReference; lastKnownFileType = sourcecode.swift; path = Variable.swift; sourceTree = "<group>"; };
		EB06C79F2C9023D900A25E07 /* SegmentDslModel.swift */ = {isa = PBXFileReference; lastKnownFileType = sourcecode.swift; path = SegmentDslModel.swift; sourceTree = "<group>"; };
		EB06C7A12C9023D900A25E07 /* VWOUserContext.swift */ = {isa = PBXFileReference; lastKnownFileType = sourcecode.swift; path = VWOUserContext.swift; sourceTree = "<group>"; };
		EB06C7A22C9023D900A25E07 /* VWOInitOptions.swift */ = {isa = PBXFileReference; lastKnownFileType = sourcecode.swift; path = VWOInitOptions.swift; sourceTree = "<group>"; };
		EB06C7A32C9023D900A25E07 /* GatewayService.swift */ = {isa = PBXFileReference; lastKnownFileType = sourcecode.swift; path = GatewayService.swift; sourceTree = "<group>"; };
		EB06C7A42C9023D900A25E07 /* GetFlag.swift */ = {isa = PBXFileReference; lastKnownFileType = sourcecode.swift; path = GetFlag.swift; sourceTree = "<group>"; };
		EB06C7A62C9023D900A25E07 /* Visitor.swift */ = {isa = PBXFileReference; lastKnownFileType = sourcecode.swift; path = Visitor.swift; sourceTree = "<group>"; };
		EB06C7A72C9023DA00A25E07 /* ImpactCampaign.swift */ = {isa = PBXFileReference; lastKnownFileType = sourcecode.swift; path = ImpactCampaign.swift; sourceTree = "<group>"; };
		EB06C7A92C9023DA00A25E07 /* RequestQueryParams.swift */ = {isa = PBXFileReference; lastKnownFileType = sourcecode.swift; path = RequestQueryParams.swift; sourceTree = "<group>"; };
		EB06C7AA2C9023DA00A25E07 /* Event.swift */ = {isa = PBXFileReference; lastKnownFileType = sourcecode.swift; path = Event.swift; sourceTree = "<group>"; };
		EB06C7AB2C9023DA00A25E07 /* EventArchPayload.swift */ = {isa = PBXFileReference; lastKnownFileType = sourcecode.swift; path = EventArchPayload.swift; sourceTree = "<group>"; };
		EB06C7AC2C9023DA00A25E07 /* Props.swift */ = {isa = PBXFileReference; lastKnownFileType = sourcecode.swift; path = Props.swift; sourceTree = "<group>"; };
		EB06C7AD2C9023DA00A25E07 /* SettingsQueryParams.swift */ = {isa = PBXFileReference; lastKnownFileType = sourcecode.swift; path = SettingsQueryParams.swift; sourceTree = "<group>"; };
		EB06C7AE2C9023DA00A25E07 /* EventArchData.swift */ = {isa = PBXFileReference; lastKnownFileType = sourcecode.swift; path = EventArchData.swift; sourceTree = "<group>"; };
		EB06C7AF2C9023DA00A25E07 /* Feature.swift */ = {isa = PBXFileReference; lastKnownFileType = sourcecode.swift; path = Feature.swift; sourceTree = "<group>"; };
		EB06C7B02C9023DA00A25E07 /* Metric.swift */ = {isa = PBXFileReference; lastKnownFileType = sourcecode.swift; path = Metric.swift; sourceTree = "<group>"; };
		EB06C7B12C9023DA00A25E07 /* Setting.swift */ = {isa = PBXFileReference; lastKnownFileType = sourcecode.swift; path = Setting.swift; sourceTree = "<group>"; };
		EB06C7B22C9023DA00A25E07 /* Campaign.swift */ = {isa = PBXFileReference; lastKnownFileType = sourcecode.swift; path = Campaign.swift; sourceTree = "<group>"; };
		EB06C7B32C9023DA00A25E07 /* Variation.swift */ = {isa = PBXFileReference; lastKnownFileType = sourcecode.swift; path = Variation.swift; sourceTree = "<group>"; };
		EB06C7B42C9023DA00A25E07 /* Group.swift */ = {isa = PBXFileReference; lastKnownFileType = sourcecode.swift; path = Group.swift; sourceTree = "<group>"; };
		EB06C7B52C9023DA00A25E07 /* Storage.swift */ = {isa = PBXFileReference; lastKnownFileType = sourcecode.swift; path = Storage.swift; sourceTree = "<group>"; };
		EB06C7B72C9023DA00A25E07 /* SettingSchema.swift */ = {isa = PBXFileReference; lastKnownFileType = sourcecode.swift; path = SettingSchema.swift; sourceTree = "<group>"; };
		EB06C7C52C90241C00A25E07 /* Constants.swift */ = {isa = PBXFileReference; lastKnownFileType = sourcecode.swift; path = Constants.swift; sourceTree = "<group>"; };
		EB06C7C82C90242F00A25E07 /* DataTypeUtil.swift */ = {isa = PBXFileReference; lastKnownFileType = sourcecode.swift; path = DataTypeUtil.swift; sourceTree = "<group>"; };
		EB06C7C92C90242F00A25E07 /* SettingUtil.swift */ = {isa = PBXFileReference; lastKnownFileType = sourcecode.swift; path = SettingUtil.swift; sourceTree = "<group>"; };
		EB06C7CA2C90242F00A25E07 /* UUIDUtils.swift */ = {isa = PBXFileReference; lastKnownFileType = sourcecode.swift; path = UUIDUtils.swift; sourceTree = "<group>"; };
		EB06C7CB2C90242F00A25E07 /* ImpressionUtil.swift */ = {isa = PBXFileReference; lastKnownFileType = sourcecode.swift; path = ImpressionUtil.swift; sourceTree = "<group>"; };
		EB06C7CC2C90242F00A25E07 /* DecisionUtil.swift */ = {isa = PBXFileReference; lastKnownFileType = sourcecode.swift; path = DecisionUtil.swift; sourceTree = "<group>"; };
		EB06C7CD2C90242F00A25E07 /* CampaignUtil.swift */ = {isa = PBXFileReference; lastKnownFileType = sourcecode.swift; path = CampaignUtil.swift; sourceTree = "<group>"; };
		EB06C7CE2C90243000A25E07 /* LogMessageUtil.swift */ = {isa = PBXFileReference; lastKnownFileType = sourcecode.swift; path = LogMessageUtil.swift; sourceTree = "<group>"; };
		EB06C7CF2C90243000A25E07 /* GatewayServiceUtil.swift */ = {isa = PBXFileReference; lastKnownFileType = sourcecode.swift; path = GatewayServiceUtil.swift; sourceTree = "<group>"; };
		EB06C7D02C90243000A25E07 /* FunctionUtil.swift */ = {isa = PBXFileReference; lastKnownFileType = sourcecode.swift; path = FunctionUtil.swift; sourceTree = "<group>"; };
		EB06C7D12C90243000A25E07 /* SDKMetaUtil.swift */ = {isa = PBXFileReference; lastKnownFileType = sourcecode.swift; path = SDKMetaUtil.swift; sourceTree = "<group>"; };
		EB06C7D22C90243000A25E07 /* RuleEvaluationUtil.swift */ = {isa = PBXFileReference; lastKnownFileType = sourcecode.swift; path = RuleEvaluationUtil.swift; sourceTree = "<group>"; };
		EB06C7D32C90243000A25E07 /* NetworkUtil.swift */ = {isa = PBXFileReference; lastKnownFileType = sourcecode.swift; path = NetworkUtil.swift; sourceTree = "<group>"; };
		EB06C7D42C90243000A25E07 /* MegUtil.swift */ = {isa = PBXFileReference; lastKnownFileType = sourcecode.swift; path = MegUtil.swift; sourceTree = "<group>"; };
		EB06C7E32C90245000A25E07 /* HeadersEnum.swift */ = {isa = PBXFileReference; lastKnownFileType = sourcecode.swift; path = HeadersEnum.swift; sourceTree = "<group>"; };
		EB06C7E42C90245000A25E07 /* EventEnum.swift */ = {isa = PBXFileReference; lastKnownFileType = sourcecode.swift; path = EventEnum.swift; sourceTree = "<group>"; };
		EB06C7E52C90245000A25E07 /* UrlEnum.swift */ = {isa = PBXFileReference; lastKnownFileType = sourcecode.swift; path = UrlEnum.swift; sourceTree = "<group>"; };
		EB06C7E62C90245000A25E07 /* CampaignTypeEnum.swift */ = {isa = PBXFileReference; lastKnownFileType = sourcecode.swift; path = CampaignTypeEnum.swift; sourceTree = "<group>"; };
		EB06C7E72C90245000A25E07 /* ApiEnum.swift */ = {isa = PBXFileReference; lastKnownFileType = sourcecode.swift; path = ApiEnum.swift; sourceTree = "<group>"; };
		EB06C7E82C90245000A25E07 /* StatusEnum.swift */ = {isa = PBXFileReference; lastKnownFileType = sourcecode.swift; path = StatusEnum.swift; sourceTree = "<group>"; };
		EB06C7E92C90245000A25E07 /* StorageEnum.swift */ = {isa = PBXFileReference; lastKnownFileType = sourcecode.swift; path = StorageEnum.swift; sourceTree = "<group>"; };
		EB06C7EA2C90245000A25E07 /* HooksEnum.swift */ = {isa = PBXFileReference; lastKnownFileType = sourcecode.swift; path = HooksEnum.swift; sourceTree = "<group>"; };
		EB06C7F42C90246E00A25E07 /* HooksManager.swift */ = {isa = PBXFileReference; lastKnownFileType = sourcecode.swift; path = HooksManager.swift; sourceTree = "<group>"; };
		EB06C7F52C90246E00A25E07 /* CampaignDecisionService.swift */ = {isa = PBXFileReference; lastKnownFileType = sourcecode.swift; path = CampaignDecisionService.swift; sourceTree = "<group>"; };
		EB06C7F62C90246E00A25E07 /* SettingManager.swift */ = {isa = PBXFileReference; lastKnownFileType = sourcecode.swift; path = SettingManager.swift; sourceTree = "<group>"; };
		EB06C7F82C90246E00A25E07 /* LoggerService.swift */ = {isa = PBXFileReference; lastKnownFileType = sourcecode.swift; path = LoggerService.swift; sourceTree = "<group>"; };
		EB06C7F92C90246E00A25E07 /* UrlService.swift */ = {isa = PBXFileReference; lastKnownFileType = sourcecode.swift; path = UrlService.swift; sourceTree = "<group>"; };
		EB06C85F2C90260100A25E07 /* LogManager.swift */ = {isa = PBXFileReference; lastKnownFileType = sourcecode.swift; path = LogManager.swift; sourceTree = "<group>"; };
		EB06C8602C90260400A25E07 /* LogLevelEnum.swift */ = {isa = PBXFileReference; lastKnownFileType = sourcecode.swift; path = LogLevelEnum.swift; sourceTree = "<group>"; };
		EB06C86E2C90264600A25E07 /* DecisionMaker.swift */ = {isa = PBXFileReference; lastKnownFileType = sourcecode.swift; path = DecisionMaker.swift; sourceTree = "<group>"; };
		EB06C8722C90266A00A25E07 /* RequestHandler.swift */ = {isa = PBXFileReference; lastKnownFileType = sourcecode.swift; path = RequestHandler.swift; sourceTree = "<group>"; };
		EB06C8752C90267A00A25E07 /* NetworkManager.swift */ = {isa = PBXFileReference; lastKnownFileType = sourcecode.swift; path = NetworkManager.swift; sourceTree = "<group>"; };
		EB06C8792C90269300A25E07 /* NetworkClient.swift */ = {isa = PBXFileReference; lastKnownFileType = sourcecode.swift; path = NetworkClient.swift; sourceTree = "<group>"; };
		EB06C87B2C90269B00A25E07 /* ResponseModel.swift */ = {isa = PBXFileReference; lastKnownFileType = sourcecode.swift; path = ResponseModel.swift; sourceTree = "<group>"; };
		EB06C87C2C90269B00A25E07 /* RequestModel.swift */ = {isa = PBXFileReference; lastKnownFileType = sourcecode.swift; path = RequestModel.swift; sourceTree = "<group>"; };
		EB06C87D2C90269C00A25E07 /* GlobalRequestModel.swift */ = {isa = PBXFileReference; lastKnownFileType = sourcecode.swift; path = GlobalRequestModel.swift; sourceTree = "<group>"; };
		EB06C88B2C9026DE00A25E07 /* SegmentationManager.swift */ = {isa = PBXFileReference; lastKnownFileType = sourcecode.swift; path = SegmentationManager.swift; sourceTree = "<group>"; };
		EB06C88D2C9026E900A25E07 /* SegmentOperatorValueEnum.swift */ = {isa = PBXFileReference; lastKnownFileType = sourcecode.swift; path = SegmentOperatorValueEnum.swift; sourceTree = "<group>"; };
		EB06C88E2C9026E900A25E07 /* SegmentOperandRegexEnum.swift */ = {isa = PBXFileReference; lastKnownFileType = sourcecode.swift; path = SegmentOperandRegexEnum.swift; sourceTree = "<group>"; };
		EB06C88F2C9026E900A25E07 /* SegmentOperandValueEnum.swift */ = {isa = PBXFileReference; lastKnownFileType = sourcecode.swift; path = SegmentOperandValueEnum.swift; sourceTree = "<group>"; };
		EB06C8932C9026F100A25E07 /* SegmentEvaluator.swift */ = {isa = PBXFileReference; lastKnownFileType = sourcecode.swift; path = SegmentEvaluator.swift; sourceTree = "<group>"; };
		EB06C8942C9026F100A25E07 /* SegmentOperandEvaluator.swift */ = {isa = PBXFileReference; lastKnownFileType = sourcecode.swift; path = SegmentOperandEvaluator.swift; sourceTree = "<group>"; };
		EB06C8972C9026F800A25E07 /* SegmentUtil.swift */ = {isa = PBXFileReference; lastKnownFileType = sourcecode.swift; path = SegmentUtil.swift; sourceTree = "<group>"; };
		EB22C9D92C946A8C00381E34 /* LocalStorageService.swift */ = {isa = PBXFileReference; lastKnownFileType = sourcecode.swift; path = LocalStorageService.swift; sourceTree = "<group>"; };
		EB373E672D9D2B51005713D1 /* VWO-FMETests.xctest */ = {isa = PBXFileReference; explicitFileType = wrapper.cfbundle; includeInIndex = 0; path = "VWO-FMETests.xctest"; sourceTree = BUILT_PRODUCTS_DIR; };
		EB373E692D9D2B51005713D1 /* VWO_FMETests.swift */ = {isa = PBXFileReference; lastKnownFileType = sourcecode.swift; path = VWO_FMETests.swift; sourceTree = "<group>"; };
		EB373E742D9D484C005713D1 /* DecisionMakerTests.swift */ = {isa = PBXFileReference; lastKnownFileType = sourcecode.swift; path = DecisionMakerTests.swift; sourceTree = "<group>"; };
		EB373E772D9E7E08005713D1 /* SegmentEvaluatorTests.swift */ = {isa = PBXFileReference; lastKnownFileType = sourcecode.swift; path = SegmentEvaluatorTests.swift; sourceTree = "<group>"; };
		EB373E792D9E98CA005713D1 /* SegmentEvaluatorTest.json */ = {isa = PBXFileReference; lastKnownFileType = text.json; path = SegmentEvaluatorTest.json; sourceTree = "<group>"; };
		EB373E7B2D9E99C9005713D1 /* TestDataLoader.swift */ = {isa = PBXFileReference; lastKnownFileType = sourcecode.swift; path = TestDataLoader.swift; sourceTree = "<group>"; };
		EB373E832DA54B4D005713D1 /* GetFlagTest.json */ = {isa = PBXFileReference; lastKnownFileType = text.json; path = GetFlagTest.json; sourceTree = "<group>"; };
		EB373E852DA54B77005713D1 /* GetFlagTests.swift */ = {isa = PBXFileReference; lastKnownFileType = sourcecode.swift; path = GetFlagTests.swift; sourceTree = "<group>"; };
		EB373E892DA637C2005713D1 /* MockHookManager.swift */ = {isa = PBXFileReference; lastKnownFileType = sourcecode.swift; path = MockHookManager.swift; sourceTree = "<group>"; };
		EB373E8D2DA649DA005713D1 /* FlagTestDataLoader.swift */ = {isa = PBXFileReference; lastKnownFileType = sourcecode.swift; path = FlagTestDataLoader.swift; sourceTree = "<group>"; };
		EB373E902DA65583005713D1 /* OnlyRolloutSettings.json */ = {isa = PBXFileReference; lastKnownFileType = text.json; path = OnlyRolloutSettings.json; sourceTree = "<group>"; };
		EB373E962DA7DCC5005713D1 /* RolloutAndTestingSettings.json */ = {isa = PBXFileReference; lastKnownFileType = text.json; path = RolloutAndTestingSettings.json; sourceTree = "<group>"; };
		EB373E982DA7DCE9005713D1 /* RolloutAndTestingSettingsWithPreSegment.json */ = {isa = PBXFileReference; lastKnownFileType = text.json; path = RolloutAndTestingSettingsWithPreSegment.json; sourceTree = "<group>"; };
		EB373E9A2DA7DD0E005713D1 /* MegAdvanceAlgoCampaignSettings.json */ = {isa = PBXFileReference; lastKnownFileType = text.json; path = MegAdvanceAlgoCampaignSettings.json; sourceTree = "<group>"; };
		EB373E9C2DA7DD20005713D1 /* MegRandomAlgoCampaignSettings.json */ = {isa = PBXFileReference; lastKnownFileType = text.json; path = MegRandomAlgoCampaignSettings.json; sourceTree = "<group>"; };
		EB373E9E2DA7DD33005713D1 /* NoRolloutAndOnlyTestingSettings.json */ = {isa = PBXFileReference; lastKnownFileType = text.json; path = NoRolloutAndOnlyTestingSettings.json; sourceTree = "<group>"; };
		EB373EA02DA7DD47005713D1 /* SettingsWithDifferentSalt.json */ = {isa = PBXFileReference; lastKnownFileType = text.json; path = SettingsWithDifferentSalt.json; sourceTree = "<group>"; };
		EB373EA22DA7DD57005713D1 /* SettingsWithSameSalt.json */ = {isa = PBXFileReference; lastKnownFileType = text.json; path = SettingsWithSameSalt.json; sourceTree = "<group>"; };
		EB373EA42DA7DD66005713D1 /* SettingsWithWhitelisting.json */ = {isa = PBXFileReference; lastKnownFileType = text.json; path = SettingsWithWhitelisting.json; sourceTree = "<group>"; };
		EB373EAB2DAE1FC2005713D1 /* UUIDUtilsTests.swift */ = {isa = PBXFileReference; lastKnownFileType = sourcecode.swift; path = UUIDUtilsTests.swift; sourceTree = "<group>"; };
		EB373EAE2DAE4344005713D1 /* TrackEventTests.swift */ = {isa = PBXFileReference; lastKnownFileType = sourcecode.swift; path = TrackEventTests.swift; sourceTree = "<group>"; };
		EB373EB02DAE69EC005713D1 /* FunctionUtilTests.swift */ = {isa = PBXFileReference; lastKnownFileType = sourcecode.swift; path = FunctionUtilTests.swift; sourceTree = "<group>"; };
		EB373EB72DAE8013005713D1 /* SettingUtilTests.swift */ = {isa = PBXFileReference; lastKnownFileType = sourcecode.swift; path = SettingUtilTests.swift; sourceTree = "<group>"; };
		EB373EB92DAE824F005713D1 /* UtilitySettings.json */ = {isa = PBXFileReference; lastKnownFileType = text.json; path = UtilitySettings.json; sourceTree = "<group>"; };
		EB373EBC2DAE9AF5005713D1 /* FmeConfigTests.swift */ = {isa = PBXFileReference; lastKnownFileType = sourcecode.swift; path = FmeConfigTests.swift; sourceTree = "<group>"; };
		EB373EBF2DAF82A2005713D1 /* EventDataManagerTests.swift */ = {isa = PBXFileReference; lastKnownFileType = sourcecode.swift; path = EventDataManagerTests.swift; sourceTree = "<group>"; };
		EB373EC22DAFA8A6005713D1 /* DictionaryTests.swift */ = {isa = PBXFileReference; lastKnownFileType = sourcecode.swift; path = DictionaryTests.swift; sourceTree = "<group>"; };
		EB373EC62DB92A13005713D1 /* UsageStatsUtil.swift */ = {isa = PBXFileReference; lastKnownFileType = sourcecode.swift; path = UsageStatsUtil.swift; sourceTree = "<group>"; };
		EB544EFC2DD5DD20006AA817 /* LogManagerTests.swift */ = {isa = PBXFileReference; lastKnownFileType = sourcecode.swift; path = LogManagerTests.swift; sourceTree = "<group>"; };
		EB544F002DD5F788006AA817 /* SegmentOperatorValueEnumTests.swift */ = {isa = PBXFileReference; lastKnownFileType = sourcecode.swift; path = SegmentOperatorValueEnumTests.swift; sourceTree = "<group>"; };
		EB544F032DD5FA08006AA817 /* FeatureTests.swift */ = {isa = PBXFileReference; lastKnownFileType = sourcecode.swift; path = FeatureTests.swift; sourceTree = "<group>"; };
		EB544F062DD5FBA6006AA817 /* EnumTests.swift */ = {isa = PBXFileReference; lastKnownFileType = sourcecode.swift; path = EnumTests.swift; sourceTree = "<group>"; };
		EB544F0B2DD60E76006AA817 /* SettingsSchemaTests.swift */ = {isa = PBXFileReference; lastKnownFileType = sourcecode.swift; path = SettingsSchemaTests.swift; sourceTree = "<group>"; };
		EB544F0D2DD61176006AA817 /* EmptySettings.json */ = {isa = PBXFileReference; lastKnownFileType = text.json; path = EmptySettings.json; sourceTree = "<group>"; };
		EB544F102DD613D8006AA817 /* UsageStatsTests.swift */ = {isa = PBXFileReference; lastKnownFileType = sourcecode.swift; path = UsageStatsTests.swift; sourceTree = "<group>"; };
		EB544F122DD7284E006AA817 /* RolloutAndTestingSettingsWithPreSegmentMobile.json */ = {isa = PBXFileReference; lastKnownFileType = text.json; path = RolloutAndTestingSettingsWithPreSegmentMobile.json; sourceTree = "<group>"; };
		EB544F142DD73758006AA817 /* RolloutAndTestingSettingsWithPreSegmentMobileUA.json */ = {isa = PBXFileReference; lastKnownFileType = text.json; path = RolloutAndTestingSettingsWithPreSegmentMobileUA.json; sourceTree = "<group>"; };
		EB544F162DD73E28006AA817 /* DataTypeUtilTests.swift */ = {isa = PBXFileReference; lastKnownFileType = sourcecode.swift; path = DataTypeUtilTests.swift; sourceTree = "<group>"; };
		EB544F1A2DD75275006AA817 /* RolloutAndTestingSettingsWithPreSegmentFeatureFlagStatus.json */ = {isa = PBXFileReference; lastKnownFileType = text.json; path = RolloutAndTestingSettingsWithPreSegmentFeatureFlagStatus.json; sourceTree = "<group>"; };
		EB544F1E2DD77D1E006AA817 /* RolloutAndTestingSettingsInlist.json */ = {isa = PBXFileReference; lastKnownFileType = text.json; path = RolloutAndTestingSettingsInlist.json; sourceTree = "<group>"; };
		EB544F212DD784A3006AA817 /* SyncManagerTests.swift */ = {isa = PBXFileReference; lastKnownFileType = sourcecode.swift; path = SyncManagerTests.swift; sourceTree = "<group>"; };
		EB5500832CA51C3C00A8B729 /* SetAttributeAPI.swift */ = {isa = PBXFileReference; lastKnownFileType = sourcecode.swift; path = SetAttributeAPI.swift; sourceTree = "<group>"; };
		EB5500842CA51C3C00A8B729 /* TrackEventAPI.swift */ = {isa = PBXFileReference; lastKnownFileType = sourcecode.swift; path = TrackEventAPI.swift; sourceTree = "<group>"; };
		EB5500852CA51C3C00A8B729 /* GetFlagAPI.swift */ = {isa = PBXFileReference; lastKnownFileType = sourcecode.swift; path = GetFlagAPI.swift; sourceTree = "<group>"; };
		EB7A73362DDC67190034279F /* CampaignUtilTests.swift */ = {isa = PBXFileReference; lastKnownFileType = sourcecode.swift; path = CampaignUtilTests.swift; sourceTree = "<group>"; };
		EB7A73382DDC6DB70034279F /* RolloutAndTestingSettingsUserInlist.json */ = {isa = PBXFileReference; lastKnownFileType = text.json; path = RolloutAndTestingSettingsUserInlist.json; sourceTree = "<group>"; };
		EB7E3D692D27D3D3009B572F /* OffineEventData.xcdatamodel */ = {isa = PBXFileReference; lastKnownFileType = wrapper.xcdatamodel; path = OffineEventData.xcdatamodel; sourceTree = "<group>"; };
		EB7E3D6F2D27D7A8009B572F /* EventData+CoreDataClass.swift */ = {isa = PBXFileReference; lastKnownFileType = sourcecode.swift; path = "EventData+CoreDataClass.swift"; sourceTree = "<group>"; };
		EB7E3D702D27D7A8009B572F /* EventData+CoreDataProperties.swift */ = {isa = PBXFileReference; lastKnownFileType = sourcecode.swift; path = "EventData+CoreDataProperties.swift"; sourceTree = "<group>"; };
		EB7E3D742D27F351009B572F /* CoreDataStack.swift */ = {isa = PBXFileReference; lastKnownFileType = sourcecode.swift; path = CoreDataStack.swift; sourceTree = "<group>"; };
		EB7E3D762D27FAE5009B572F /* SyncManager.swift */ = {isa = PBXFileReference; lastKnownFileType = sourcecode.swift; path = SyncManager.swift; sourceTree = "<group>"; };
		EB8560A62D364C2A00565862 /* FmeConfig.swift */ = {isa = PBXFileReference; lastKnownFileType = sourcecode.swift; path = FmeConfig.swift; sourceTree = "<group>"; };
		EB8560A82D364CBF00565862 /* FmeSession.swift */ = {isa = PBXFileReference; lastKnownFileType = sourcecode.swift; path = FmeSession.swift; sourceTree = "<group>"; };
		EB8D4B0B2D2BB49F00DB924A /* EventBatchQueryParams.swift */ = {isa = PBXFileReference; lastKnownFileType = sourcecode.swift; path = EventBatchQueryParams.swift; sourceTree = "<group>"; };
		EB8D4B0E2D2BE96700DB924A /* NetworkMonitor.swift */ = {isa = PBXFileReference; lastKnownFileType = sourcecode.swift; path = NetworkMonitor.swift; sourceTree = "<group>"; };
		EB99AC802D2FF4E40011AC6C /* EventDataManager.swift */ = {isa = PBXFileReference; lastKnownFileType = sourcecode.swift; path = EventDataManager.swift; sourceTree = "<group>"; };
		EBF2901F2C9057A6004BEA87 /* VWOInitEnum.swift */ = {isa = PBXFileReference; lastKnownFileType = sourcecode.swift; path = VWOInitEnum.swift; sourceTree = "<group>"; };
/* End PBXFileReference section */

/* Begin PBXFrameworksBuildPhase section */
		EB06C77D2C90229B00A25E07 /* Frameworks */ = {
			isa = PBXFrameworksBuildPhase;
			buildActionMask = 2147483647;
			files = (
			);
			runOnlyForDeploymentPostprocessing = 0;
		};
		EB373E642D9D2B51005713D1 /* Frameworks */ = {
			isa = PBXFrameworksBuildPhase;
			buildActionMask = 2147483647;
			files = (
				EB373E6B2D9D2B51005713D1 /* VWO_FME.framework in Frameworks */,
			);
			runOnlyForDeploymentPostprocessing = 0;
		};
/* End PBXFrameworksBuildPhase section */

/* Begin PBXGroup section */
		BAD427482E12766100C5C011 /* Storage */ = {
			isa = PBXGroup;
			children = (
				BAD427472E12766100C5C011 /* StorageConnectorProvider.swift */,
				BAD427452E12763800C5C011 /* VWOStorageConnector.swift */,
			);
			path = Storage;
			sourceTree = "<group>";
		};
		EB06C7762C90229B00A25E07 = {
			isa = PBXGroup;
			children = (
				EB06C7822C90229B00A25E07 /* VWO-FME */,
				EB373E682D9D2B51005713D1 /* VWO-FMETests */,
				EB06C7812C90229B00A25E07 /* Products */,
				EB06C8BF2C9028D200A25E07 /* Frameworks */,
			);
			sourceTree = "<group>";
		};
		EB06C7812C90229B00A25E07 /* Products */ = {
			isa = PBXGroup;
			children = (
				EB06C7802C90229B00A25E07 /* VWO_FME.framework */,
				EB373E672D9D2B51005713D1 /* VWO-FMETests.xctest */,
			);
			name = Products;
			sourceTree = "<group>";
		};
		EB06C7822C90229B00A25E07 /* VWO-FME */ = {
			isa = PBXGroup;
			children = (
				EB7E3D662D27BD45009B572F /* CoreData */,
				EB5500822CA51C3C00A8B729 /* API */,
				EB06C7C42C90240700A25E07 /* Constants */,
				EB06C7E22C90243E00A25E07 /* Enums */,
				EB06C79C2C9023C200A25E07 /* Models */,
				EB06C85D2C9025E200A25E07 /* Packages */,
				EB06C78A2C90231D00A25E07 /* Resources */,
				EB06C7F32C90246300A25E07 /* Services */,
				EB06C7C72C90242600A25E07 /* Utility */,
				EB06C7952C90238900A25E07 /* VWO */,
				EB06C7832C90229B00A25E07 /* VWO_FME.h */,
			);
			path = "VWO-FME";
			sourceTree = "<group>";
		};
		EB06C78A2C90231D00A25E07 /* Resources */ = {
			isa = PBXGroup;
			children = (
				EB06C78D2C90233600A25E07 /* debug-messages.json */,
				EB06C78E2C90233600A25E07 /* error-messages.json */,
				EB06C78F2C90233600A25E07 /* info-messages.json */,
				EB06C78B2C90233600A25E07 /* trace-messages.json */,
				EB06C78C2C90233600A25E07 /* warn-messages.json */,
			);
			path = Resources;
			sourceTree = "<group>";
		};
		EB06C7952C90238900A25E07 /* VWO */ = {
			isa = PBXGroup;
			children = (
				EB06C7962C90238F00A25E07 /* VWO.swift */,
				EB06C7982C90238F00A25E07 /* VWOBuilder.swift */,
				EB06C7972C90238F00A25E07 /* VWOClient.swift */,
			);
			path = VWO;
			sourceTree = "<group>";
		};
		EB06C79C2C9023C200A25E07 /* Models */ = {
			isa = PBXGroup;
			children = (
				BA5DD5E42E321FDF00D3A127 /* SdkMetaInfo.swift */,
				EB06C7B22C9023DA00A25E07 /* Campaign.swift */,
				EB06C7AF2C9023DA00A25E07 /* Feature.swift */,
				EB06C7B42C9023DA00A25E07 /* Group.swift */,
				EB06C7A72C9023DA00A25E07 /* ImpactCampaign.swift */,
				EB06C7B02C9023DA00A25E07 /* Metric.swift */,
				EB06C7A82C9023DA00A25E07 /* Request */,
				EB06C79D2C9023D900A25E07 /* Rule.swift */,
				EB06C7B62C9023DA00A25E07 /* Schema */,
				EB06C79F2C9023D900A25E07 /* SegmentDslModel.swift */,
				EB06C7B12C9023DA00A25E07 /* Setting.swift */,
				EB06C7B52C9023DA00A25E07 /* Storage.swift */,
				EB06C7A02C9023D900A25E07 /* User */,
				EB06C79E2C9023D900A25E07 /* Variable.swift */,
				EB06C7B32C9023DA00A25E07 /* Variation.swift */,
				EB06C7A52C9023D900A25E07 /* Visitor */,
			);
			path = Models;
			sourceTree = "<group>";
		};
		EB06C7A02C9023D900A25E07 /* User */ = {
			isa = PBXGroup;
			children = (
				EB06C7A12C9023D900A25E07 /* VWOUserContext.swift */,
				EB06C7A22C9023D900A25E07 /* VWOInitOptions.swift */,
				EB06C7A32C9023D900A25E07 /* GatewayService.swift */,
				EB06C7A42C9023D900A25E07 /* GetFlag.swift */,
				EB8560A62D364C2A00565862 /* FmeConfig.swift */,
				EB8560A82D364CBF00565862 /* FmeSession.swift */,
			);
			path = User;
			sourceTree = "<group>";
		};
		EB06C7A52C9023D900A25E07 /* Visitor */ = {
			isa = PBXGroup;
			children = (
				EB06C7A62C9023D900A25E07 /* Visitor.swift */,
			);
			path = Visitor;
			sourceTree = "<group>";
		};
		EB06C7A82C9023DA00A25E07 /* Request */ = {
			isa = PBXGroup;
			children = (
				EB06C7A92C9023DA00A25E07 /* RequestQueryParams.swift */,
				EB06C7AA2C9023DA00A25E07 /* Event.swift */,
				EB06C7AB2C9023DA00A25E07 /* EventArchPayload.swift */,
				EB06C7AC2C9023DA00A25E07 /* Props.swift */,
				EB06C7AD2C9023DA00A25E07 /* SettingsQueryParams.swift */,
				EB06C7AE2C9023DA00A25E07 /* EventArchData.swift */,
				EB8D4B0B2D2BB49F00DB924A /* EventBatchQueryParams.swift */,
			);
			path = Request;
			sourceTree = "<group>";
		};
		EB06C7B62C9023DA00A25E07 /* Schema */ = {
			isa = PBXGroup;
			children = (
				EB06C7B72C9023DA00A25E07 /* SettingSchema.swift */,
			);
			path = Schema;
			sourceTree = "<group>";
		};
		EB06C7C42C90240700A25E07 /* Constants */ = {
			isa = PBXGroup;
			children = (
				EB06C7C52C90241C00A25E07 /* Constants.swift */,
			);
			path = Constants;
			sourceTree = "<group>";
		};
		EB06C7C72C90242600A25E07 /* Utility */ = {
			isa = PBXGroup;
			children = (
				BA6CF04D2E431E8700FE5740 /* DeviceUtil.swift */,
				EB06C7D42C90243000A25E07 /* MegUtil.swift */,
				BA5DD5E62E3225D200D3A127 /* EventsUtils.swift */,
				EB06C7CD2C90242F00A25E07 /* CampaignUtil.swift */,
				EB06C7C82C90242F00A25E07 /* DataTypeUtil.swift */,
				EB06C7CC2C90242F00A25E07 /* DecisionUtil.swift */,
				EB06C7D02C90243000A25E07 /* FunctionUtil.swift */,
				EB06C7CF2C90243000A25E07 /* GatewayServiceUtil.swift */,
				EB06C7CB2C90242F00A25E07 /* ImpressionUtil.swift */,
				EB06C7CE2C90243000A25E07 /* LogMessageUtil.swift */,
				EB06C7D32C90243000A25E07 /* NetworkUtil.swift */,
				EB06C7D22C90243000A25E07 /* RuleEvaluationUtil.swift */,
				EB06C7D12C90243000A25E07 /* SDKMetaUtil.swift */,
				EB06C7C92C90242F00A25E07 /* SettingUtil.swift */,
				EB06C7CA2C90242F00A25E07 /* UUIDUtils.swift */,
				EB373EC62DB92A13005713D1 /* UsageStatsUtil.swift */,
			);
			path = Utility;
			sourceTree = "<group>";
		};
		EB06C7E22C90243E00A25E07 /* Enums */ = {
			isa = PBXGroup;
			children = (
				EB06C7E72C90245000A25E07 /* ApiEnum.swift */,
				EB06C7E62C90245000A25E07 /* CampaignTypeEnum.swift */,
				EB06C7E42C90245000A25E07 /* EventEnum.swift */,
				EB06C7E32C90245000A25E07 /* HeadersEnum.swift */,
				EB06C7EA2C90245000A25E07 /* HooksEnum.swift */,
				EB06C7E82C90245000A25E07 /* StatusEnum.swift */,
				EB06C7E92C90245000A25E07 /* StorageEnum.swift */,
				EB06C7E52C90245000A25E07 /* UrlEnum.swift */,
				EBF2901F2C9057A6004BEA87 /* VWOInitEnum.swift */,
			);
			path = Enums;
			sourceTree = "<group>";
		};
		EB06C7F32C90246300A25E07 /* Services */ = {
			isa = PBXGroup;
			children = (
				EB06C7F52C90246E00A25E07 /* CampaignDecisionService.swift */,
				EB06C7F42C90246E00A25E07 /* HooksManager.swift */,
				EB06C7F82C90246E00A25E07 /* LoggerService.swift */,
				EB06C7F62C90246E00A25E07 /* SettingManager.swift */,
				EB06C7F92C90246E00A25E07 /* UrlService.swift */,
				EB22C9D92C946A8C00381E34 /* LocalStorageService.swift */,
			);
			path = Services;
			sourceTree = "<group>";
		};
		EB06C85D2C9025E200A25E07 /* Packages */ = {
			isa = PBXGroup;
			children = (
				BAD427482E12766100C5C011 /* Storage */,
				EB06C86D2C90263A00A25E07 /* DecisionMaker */,
				EB06C85E2C9025F800A25E07 /* Logger */,
				EB06C8702C90265000A25E07 /* Network */,
				EB06C8862C9026BC00A25E07 /* SegmentationEvaluator */,
			);
			path = Packages;
			sourceTree = "<group>";
		};
		EB06C85E2C9025F800A25E07 /* Logger */ = {
			isa = PBXGroup;
			children = (
				EB06C8602C90260400A25E07 /* LogLevelEnum.swift */,
				EB06C85F2C90260100A25E07 /* LogManager.swift */,
			);
			path = Logger;
			sourceTree = "<group>";
		};
		EB06C86D2C90263A00A25E07 /* DecisionMaker */ = {
			isa = PBXGroup;
			children = (
				EB06C86E2C90264600A25E07 /* DecisionMaker.swift */,
			);
			path = DecisionMaker;
			sourceTree = "<group>";
		};
		EB06C8702C90265000A25E07 /* Network */ = {
			isa = PBXGroup;
			children = (
				EB8D4B0D2D2BE95900DB924A /* Listener */,
				EB06C8782C90268C00A25E07 /* Models */,
				EB06C8772C90268700A25E07 /* Client */,
				EB06C8742C90267200A25E07 /* Manager */,
				EB06C8712C90266500A25E07 /* Handler */,
			);
			path = Network;
			sourceTree = "<group>";
		};
		EB06C8712C90266500A25E07 /* Handler */ = {
			isa = PBXGroup;
			children = (
				EB06C8722C90266A00A25E07 /* RequestHandler.swift */,
			);
			path = Handler;
			sourceTree = "<group>";
		};
		EB06C8742C90267200A25E07 /* Manager */ = {
			isa = PBXGroup;
			children = (
				EB06C8752C90267A00A25E07 /* NetworkManager.swift */,
			);
			path = Manager;
			sourceTree = "<group>";
		};
		EB06C8772C90268700A25E07 /* Client */ = {
			isa = PBXGroup;
			children = (
				EB06C8792C90269300A25E07 /* NetworkClient.swift */,
			);
			path = Client;
			sourceTree = "<group>";
		};
		EB06C8782C90268C00A25E07 /* Models */ = {
			isa = PBXGroup;
			children = (
				EB06C87D2C90269C00A25E07 /* GlobalRequestModel.swift */,
				EB06C87C2C90269B00A25E07 /* RequestModel.swift */,
				EB06C87B2C90269B00A25E07 /* ResponseModel.swift */,
			);
			path = Models;
			sourceTree = "<group>";
		};
		EB06C8862C9026BC00A25E07 /* SegmentationEvaluator */ = {
			isa = PBXGroup;
			children = (
				EB06C88A2C9026D700A25E07 /* Core */,
				EB06C8892C9026D000A25E07 /* Enums */,
				EB06C8882C9026CB00A25E07 /* Evaluator */,
				EB06C8872C9026C700A25E07 /* Utils */,
			);
			path = SegmentationEvaluator;
			sourceTree = "<group>";
		};
		EB06C8872C9026C700A25E07 /* Utils */ = {
			isa = PBXGroup;
			children = (
				EB06C8972C9026F800A25E07 /* SegmentUtil.swift */,
			);
			path = Utils;
			sourceTree = "<group>";
		};
		EB06C8882C9026CB00A25E07 /* Evaluator */ = {
			isa = PBXGroup;
			children = (
				EB06C8932C9026F100A25E07 /* SegmentEvaluator.swift */,
				EB06C8942C9026F100A25E07 /* SegmentOperandEvaluator.swift */,
			);
			path = Evaluator;
			sourceTree = "<group>";
		};
		EB06C8892C9026D000A25E07 /* Enums */ = {
			isa = PBXGroup;
			children = (
				EB06C88E2C9026E900A25E07 /* SegmentOperandRegexEnum.swift */,
				EB06C88F2C9026E900A25E07 /* SegmentOperandValueEnum.swift */,
				EB06C88D2C9026E900A25E07 /* SegmentOperatorValueEnum.swift */,
			);
			path = Enums;
			sourceTree = "<group>";
		};
		EB06C88A2C9026D700A25E07 /* Core */ = {
			isa = PBXGroup;
			children = (
				EB06C88B2C9026DE00A25E07 /* SegmentationManager.swift */,
			);
			path = Core;
			sourceTree = "<group>";
		};
		EB06C8BF2C9028D200A25E07 /* Frameworks */ = {
			isa = PBXGroup;
			children = (
			);
			name = Frameworks;
			sourceTree = "<group>";
		};
		EB373E682D9D2B51005713D1 /* VWO-FMETests */ = {
			isa = PBXGroup;
			children = (
				EB544F202DD78493006AA817 /* SyncManager */,
				EB544F0F2DD613AE006AA817 /* UsageStats */,
				EB544F0A2DD60E64006AA817 /* SettingSchema */,
				EB544F052DD5FB96006AA817 /* Enums */,
				EB544F022DD5F9DC006AA817 /* Specs */,
				EB544EFB2DD5DD0E006AA817 /* LogManager */,
				EB373EC12DAFA892005713D1 /* Dictionary */,
				EB373EBE2DAF828C005713D1 /* EventDataManager */,
				EB373EBB2DAE9ADE005713D1 /* FmeConfig */,
				EB373EAD2DAE432F005713D1 /* TrackEvent */,
				EB373EAA2DAE1F8F005713D1 /* Utility */,
				EB373E8F2DA6555E005713D1 /* SettingsJson */,
				EB373E822DA54B35005713D1 /* GetFlag */,
				EB373E762D9E7DF4005713D1 /* SegmentEvaluator */,
				EB373E712D9D2B62005713D1 /* DecisionMaker */,
				EB373E692D9D2B51005713D1 /* VWO_FMETests.swift */,
				EB373E7B2D9E99C9005713D1 /* TestDataLoader.swift */,
			);
			path = "VWO-FMETests";
			sourceTree = "<group>";
		};
		EB373E712D9D2B62005713D1 /* DecisionMaker */ = {
			isa = PBXGroup;
			children = (
				EB373E742D9D484C005713D1 /* DecisionMakerTests.swift */,
			);
			path = DecisionMaker;
			sourceTree = "<group>";
		};
		EB373E762D9E7DF4005713D1 /* SegmentEvaluator */ = {
			isa = PBXGroup;
			children = (
				BAE6CFE62E4384880041118A /* SegmentOperandEvaluatorTests.swift */,
				EB373E772D9E7E08005713D1 /* SegmentEvaluatorTests.swift */,
				EB373E792D9E98CA005713D1 /* SegmentEvaluatorTest.json */,
				EB544F002DD5F788006AA817 /* SegmentOperatorValueEnumTests.swift */,
			);
			path = SegmentEvaluator;
			sourceTree = "<group>";
		};
		EB373E822DA54B35005713D1 /* GetFlag */ = {
			isa = PBXGroup;
			children = (
				EB373E852DA54B77005713D1 /* GetFlagTests.swift */,
				EB373E832DA54B4D005713D1 /* GetFlagTest.json */,
				EB373E892DA637C2005713D1 /* MockHookManager.swift */,
				EB373E8D2DA649DA005713D1 /* FlagTestDataLoader.swift */,
			);
			path = GetFlag;
			sourceTree = "<group>";
		};
		EB373E8F2DA6555E005713D1 /* SettingsJson */ = {
			isa = PBXGroup;
			children = (
				EB373E902DA65583005713D1 /* OnlyRolloutSettings.json */,
				EB373E962DA7DCC5005713D1 /* RolloutAndTestingSettings.json */,
				EB544F1E2DD77D1E006AA817 /* RolloutAndTestingSettingsInlist.json */,
				EB7A73382DDC6DB70034279F /* RolloutAndTestingSettingsUserInlist.json */,
				EB373E982DA7DCE9005713D1 /* RolloutAndTestingSettingsWithPreSegment.json */,
				EB544F122DD7284E006AA817 /* RolloutAndTestingSettingsWithPreSegmentMobile.json */,
				EB544F142DD73758006AA817 /* RolloutAndTestingSettingsWithPreSegmentMobileUA.json */,
				EB544F1A2DD75275006AA817 /* RolloutAndTestingSettingsWithPreSegmentFeatureFlagStatus.json */,
				EB373E9A2DA7DD0E005713D1 /* MegAdvanceAlgoCampaignSettings.json */,
				EB373E9C2DA7DD20005713D1 /* MegRandomAlgoCampaignSettings.json */,
				EB373E9E2DA7DD33005713D1 /* NoRolloutAndOnlyTestingSettings.json */,
				EB373EA02DA7DD47005713D1 /* SettingsWithDifferentSalt.json */,
				EB373EA22DA7DD57005713D1 /* SettingsWithSameSalt.json */,
				EB373EA42DA7DD66005713D1 /* SettingsWithWhitelisting.json */,
				EB544F0D2DD61176006AA817 /* EmptySettings.json */,
			);
			path = SettingsJson;
			sourceTree = "<group>";
		};
		EB373EAA2DAE1F8F005713D1 /* Utility */ = {
			isa = PBXGroup;
			children = (
				EB373EB22DAE7566005713D1 /* TestJson */,
				EB373EAB2DAE1FC2005713D1 /* UUIDUtilsTests.swift */,
				BAE6CFE82E4396360041118A /* DeviceUtilTests.swift */,
				EB373EB02DAE69EC005713D1 /* FunctionUtilTests.swift */,
				EB373EB72DAE8013005713D1 /* SettingUtilTests.swift */,
				EB544F162DD73E28006AA817 /* DataTypeUtilTests.swift */,
				EB7A73362DDC67190034279F /* CampaignUtilTests.swift */,
			);
			path = Utility;
			sourceTree = "<group>";
		};
		EB373EAD2DAE432F005713D1 /* TrackEvent */ = {
			isa = PBXGroup;
			children = (
				EB373EAE2DAE4344005713D1 /* TrackEventTests.swift */,
			);
			path = TrackEvent;
			sourceTree = "<group>";
		};
		EB373EB22DAE7566005713D1 /* TestJson */ = {
			isa = PBXGroup;
			children = (
				EB373EB92DAE824F005713D1 /* UtilitySettings.json */,
			);
			path = TestJson;
			sourceTree = "<group>";
		};
		EB373EBB2DAE9ADE005713D1 /* FmeConfig */ = {
			isa = PBXGroup;
			children = (
				EB373EBC2DAE9AF5005713D1 /* FmeConfigTests.swift */,
			);
			path = FmeConfig;
			sourceTree = "<group>";
		};
		EB373EBE2DAF828C005713D1 /* EventDataManager */ = {
			isa = PBXGroup;
			children = (
				EB373EBF2DAF82A2005713D1 /* EventDataManagerTests.swift */,
			);
			path = EventDataManager;
			sourceTree = "<group>";
		};
		EB373EC12DAFA892005713D1 /* Dictionary */ = {
			isa = PBXGroup;
			children = (
				EB373EC22DAFA8A6005713D1 /* DictionaryTests.swift */,
			);
			path = Dictionary;
			sourceTree = "<group>";
		};
		EB544EFB2DD5DD0E006AA817 /* LogManager */ = {
			isa = PBXGroup;
			children = (
				EB544EFC2DD5DD20006AA817 /* LogManagerTests.swift */,
			);
			path = LogManager;
			sourceTree = "<group>";
		};
		EB544F022DD5F9DC006AA817 /* Specs */ = {
			isa = PBXGroup;
			children = (
				EB544F032DD5FA08006AA817 /* FeatureTests.swift */,
			);
			path = Specs;
			sourceTree = "<group>";
		};
		EB544F052DD5FB96006AA817 /* Enums */ = {
			isa = PBXGroup;
			children = (
				EB544F062DD5FBA6006AA817 /* EnumTests.swift */,
			);
			path = Enums;
			sourceTree = "<group>";
		};
		EB544F0A2DD60E64006AA817 /* SettingSchema */ = {
			isa = PBXGroup;
			children = (
				EB544F0B2DD60E76006AA817 /* SettingsSchemaTests.swift */,
			);
			path = SettingSchema;
			sourceTree = "<group>";
		};
		EB544F0F2DD613AE006AA817 /* UsageStats */ = {
			isa = PBXGroup;
			children = (
				EB544F102DD613D8006AA817 /* UsageStatsTests.swift */,
			);
			path = UsageStats;
			sourceTree = "<group>";
		};
		EB544F202DD78493006AA817 /* SyncManager */ = {
			isa = PBXGroup;
			children = (
				EB544F212DD784A3006AA817 /* SyncManagerTests.swift */,
			);
			path = SyncManager;
			sourceTree = "<group>";
		};
		EB5500822CA51C3C00A8B729 /* API */ = {
			isa = PBXGroup;
			children = (
				EB5500852CA51C3C00A8B729 /* GetFlagAPI.swift */,
				EB5500832CA51C3C00A8B729 /* SetAttributeAPI.swift */,
				EB5500842CA51C3C00A8B729 /* TrackEventAPI.swift */,
			);
			path = API;
			sourceTree = "<group>";
		};
		EB7E3D662D27BD45009B572F /* CoreData */ = {
			isa = PBXGroup;
			children = (
				EB7E3D732D27D80C009B572F /* Helper */,
				EB7E3D672D27D3AD009B572F /* Model */,
			);
			path = CoreData;
			sourceTree = "<group>";
		};
		EB7E3D672D27D3AD009B572F /* Model */ = {
			isa = PBXGroup;
			children = (
				EB7E3D6F2D27D7A8009B572F /* EventData+CoreDataClass.swift */,
				EB7E3D702D27D7A8009B572F /* EventData+CoreDataProperties.swift */,
				EB7E3D682D27D3D3009B572F /* OffineEventData.xcdatamodeld */,
			);
			path = Model;
			sourceTree = "<group>";
		};
		EB7E3D732D27D80C009B572F /* Helper */ = {
			isa = PBXGroup;
			children = (
				EB7E3D742D27F351009B572F /* CoreDataStack.swift */,
				EB7E3D762D27FAE5009B572F /* SyncManager.swift */,
				EB99AC802D2FF4E40011AC6C /* EventDataManager.swift */,
			);
			path = Helper;
			sourceTree = "<group>";
		};
		EB8D4B0D2D2BE95900DB924A /* Listener */ = {
			isa = PBXGroup;
			children = (
				EB8D4B0E2D2BE96700DB924A /* NetworkMonitor.swift */,
			);
			path = Listener;
			sourceTree = "<group>";
		};
/* End PBXGroup section */

/* Begin PBXHeadersBuildPhase section */
		EB06C77B2C90229B00A25E07 /* Headers */ = {
			isa = PBXHeadersBuildPhase;
			buildActionMask = 2147483647;
			files = (
				EB06C7842C90229B00A25E07 /* VWO_FME.h in Headers */,
			);
			runOnlyForDeploymentPostprocessing = 0;
		};
/* End PBXHeadersBuildPhase section */

/* Begin PBXNativeTarget section */
		EB06C77F2C90229B00A25E07 /* VWO-FME */ = {
			isa = PBXNativeTarget;
			buildConfigurationList = EB06C7872C90229B00A25E07 /* Build configuration list for PBXNativeTarget "VWO-FME" */;
			buildPhases = (
				EB06C77B2C90229B00A25E07 /* Headers */,
				EB06C77C2C90229B00A25E07 /* Sources */,
				EB06C77D2C90229B00A25E07 /* Frameworks */,
				EB06C77E2C90229B00A25E07 /* Resources */,
			);
			buildRules = (
			);
			dependencies = (
			);
			name = "VWO-FME";
			productName = "VWO-FME";
			productReference = EB06C7802C90229B00A25E07 /* VWO_FME.framework */;
			productType = "com.apple.product-type.framework";
		};
		EB373E662D9D2B51005713D1 /* VWO-FMETests */ = {
			isa = PBXNativeTarget;
			buildConfigurationList = EB373E702D9D2B51005713D1 /* Build configuration list for PBXNativeTarget "VWO-FMETests" */;
			buildPhases = (
				EB373E632D9D2B51005713D1 /* Sources */,
				EB373E642D9D2B51005713D1 /* Frameworks */,
				EB373E652D9D2B51005713D1 /* Resources */,
			);
			buildRules = (
			);
			dependencies = (
				EB373E6D2D9D2B51005713D1 /* PBXTargetDependency */,
			);
			name = "VWO-FMETests";
			productName = "VWO-FMETests";
			productReference = EB373E672D9D2B51005713D1 /* VWO-FMETests.xctest */;
			productType = "com.apple.product-type.bundle.unit-test";
		};
/* End PBXNativeTarget section */

/* Begin PBXProject section */
		EB06C7772C90229B00A25E07 /* Project object */ = {
			isa = PBXProject;
			attributes = {
				BuildIndependentTargetsInParallel = 1;
				LastSwiftUpdateCheck = 1520;
				LastUpgradeCheck = 1520;
				TargetAttributes = {
					EB06C77F2C90229B00A25E07 = {
						CreatedOnToolsVersion = 15.2;
					};
					EB373E662D9D2B51005713D1 = {
						CreatedOnToolsVersion = 15.2;
					};
					EB8B06392C918FC500592B9C = {
						CreatedOnToolsVersion = 15.2;
					};
				};
			};
			buildConfigurationList = EB06C77A2C90229B00A25E07 /* Build configuration list for PBXProject "VWO-FME" */;
			compatibilityVersion = "Xcode 14.0";
			developmentRegion = en;
			hasScannedForEncodings = 0;
			knownRegions = (
				en,
				Base,
			);
			mainGroup = EB06C7762C90229B00A25E07;
			productRefGroup = EB06C7812C90229B00A25E07 /* Products */;
			projectDirPath = "";
			projectRoot = "";
			targets = (
				EB06C77F2C90229B00A25E07 /* VWO-FME */,
				EB8B06392C918FC500592B9C /* Universal-VWO-FME */,
				EB373E662D9D2B51005713D1 /* VWO-FMETests */,
			);
		};
/* End PBXProject section */

/* Begin PBXResourcesBuildPhase section */
		EB06C77E2C90229B00A25E07 /* Resources */ = {
			isa = PBXResourcesBuildPhase;
			buildActionMask = 2147483647;
			files = (
				EB06C7942C90234F00A25E07 /* trace-messages.json in Resources */,
				EB06C7902C90234F00A25E07 /* info-messages.json in Resources */,
				EB06C7912C90234F00A25E07 /* warn-messages.json in Resources */,
				EB06C7932C90234F00A25E07 /* error-messages.json in Resources */,
				EB06C7922C90234F00A25E07 /* debug-messages.json in Resources */,
			);
			runOnlyForDeploymentPostprocessing = 0;
		};
		EB373E652D9D2B51005713D1 /* Resources */ = {
			isa = PBXResourcesBuildPhase;
			buildActionMask = 2147483647;
			files = (
				EB373E9F2DA7DD33005713D1 /* NoRolloutAndOnlyTestingSettings.json in Resources */,
				EB373EA12DA7DD47005713D1 /* SettingsWithDifferentSalt.json in Resources */,
				EB373EA32DA7DD57005713D1 /* SettingsWithSameSalt.json in Resources */,
				EB544F132DD72851006AA817 /* RolloutAndTestingSettingsWithPreSegmentMobile.json in Resources */,
				EB544F152DD7379A006AA817 /* RolloutAndTestingSettingsWithPreSegmentMobileUA.json in Resources */,
				EB373E912DA65583005713D1 /* OnlyRolloutSettings.json in Resources */,
				EB373EBA2DAE825A005713D1 /* UtilitySettings.json in Resources */,
				EB7A73392DDC6DC60034279F /* RolloutAndTestingSettingsUserInlist.json in Resources */,
				EB373E9D2DA7DD20005713D1 /* MegRandomAlgoCampaignSettings.json in Resources */,
				EB544F1B2DD75335006AA817 /* RolloutAndTestingSettingsWithPreSegmentFeatureFlagStatus.json in Resources */,
				EB373E9B2DA7DD0E005713D1 /* MegAdvanceAlgoCampaignSettings.json in Resources */,
				EB373E7A2D9E98CA005713D1 /* SegmentEvaluatorTest.json in Resources */,
				EB373E842DA54B4D005713D1 /* GetFlagTest.json in Resources */,
				EB373EA52DA7DD66005713D1 /* SettingsWithWhitelisting.json in Resources */,
				EB544F1F2DD77D2F006AA817 /* RolloutAndTestingSettingsInlist.json in Resources */,
				EB544F0E2DD61176006AA817 /* EmptySettings.json in Resources */,
				EB373E972DA7DCC5005713D1 /* RolloutAndTestingSettings.json in Resources */,
				EB373E992DA7DCE9005713D1 /* RolloutAndTestingSettingsWithPreSegment.json in Resources */,
			);
			runOnlyForDeploymentPostprocessing = 0;
		};
/* End PBXResourcesBuildPhase section */

/* Begin PBXShellScriptBuildPhase section */
		EB8B063D2C918FD200592B9C /* ShellScript */ = {
			isa = PBXShellScriptBuildPhase;
			buildActionMask = 2147483647;
			files = (
			);
			inputFileListPaths = (
			);
			inputPaths = (
			);
			outputFileListPaths = (
			);
			outputPaths = (
			);
			runOnlyForDeploymentPostprocessing = 0;
			shellPath = /bin/sh;
			shellScript = "# Define variables\nPROJECT=\"VWO-FME.xcodeproj\"\nFRAMEWORK_NAME=\"VWO-FME\"\nDiff_FRAMEWORK_NAME=\"VWO_FME\"\nCONFIGURATION=\"Release\" # Ensure this matches your intended build configuration\n\n# Build paths might need adjustment based on CocoaPods structure\nBUILD_DIR=\"${SRCROOT}/build\"\nOUTPUT_DIR=\"${HOME}/Desktop/${Diff_FRAMEWORK_NAME}.xcframework\"\n\n# Ensure CocoaPods is set up\n# pod install\n\n# Clean up any existing artifacts\nrm -rf \"${BUILD_DIR}\"\nrm -rf \"${OUTPUT_DIR}\"\nmkdir -p \"${OUTPUT_DIR}\"\n\nxcodebuild -project \"${PROJECT}\" -scheme \"${FRAMEWORK_NAME}\" -configuration ${CONFIGURATION} -sdk iphoneos clean build CONFIGURATION_BUILD_DIR=${BUILD_DIR}/iphoneos\nxcodebuild -project \"${PROJECT}\" -scheme \"${FRAMEWORK_NAME}\" -configuration ${CONFIGURATION} -sdk iphonesimulator clean build CONFIGURATION_BUILD_DIR=${BUILD_DIR}/iphonesimulator\n\n# Create the .xcframework from the built frameworks\nxcodebuild -create-xcframework \\\n    -framework \"${BUILD_DIR}/iphoneos/${Diff_FRAMEWORK_NAME}.framework\" \\\n    -framework \"${BUILD_DIR}/iphonesimulator/${Diff_FRAMEWORK_NAME}.framework\" \\\n    -output \"${OUTPUT_DIR}\"\n";
		};
/* End PBXShellScriptBuildPhase section */

/* Begin PBXSourcesBuildPhase section */
		EB06C77C2C90229B00A25E07 /* Sources */ = {
			isa = PBXSourcesBuildPhase;
			buildActionMask = 2147483647;
			files = (
				EB06C8982C9026FB00A25E07 /* SegmentUtil.swift in Sources */,
				EB06C7FC2C90247600A25E07 /* SettingManager.swift in Sources */,
				BA5DD5E72E3225DC00D3A127 /* EventsUtils.swift in Sources */,
				EB06C7BE2C9023EB00A25E07 /* Setting.swift in Sources */,
				EB06C7FA2C90247600A25E07 /* CampaignDecisionService.swift in Sources */,
				EB06C7BA2C9023E500A25E07 /* Feature.swift in Sources */,
				EB06C79B2C90239C00A25E07 /* VWOClient.swift in Sources */,
				EB06C87E2C90269F00A25E07 /* RequestModel.swift in Sources */,
				EB06C7ED2C90245300A25E07 /* HooksEnum.swift in Sources */,
				EB06C8962C9026F400A25E07 /* SegmentOperandEvaluator.swift in Sources */,
				EB06C7D82C90243300A25E07 /* DataTypeUtil.swift in Sources */,
				EB06C7E12C90243300A25E07 /* MegUtil.swift in Sources */,
				BAD427492E12766100C5C011 /* StorageConnectorProvider.swift in Sources */,
				EB8560A92D364CBF00565862 /* FmeSession.swift in Sources */,
				EB06C7DC2C90243300A25E07 /* LogMessageUtil.swift in Sources */,
				EB06C7F12C90245300A25E07 /* ApiEnum.swift in Sources */,
				EB06C8922C9026EB00A25E07 /* SegmentOperandValueEnum.swift in Sources */,
				EB06C7F02C90245300A25E07 /* UrlEnum.swift in Sources */,
				EB06C88C2C9026E200A25E07 /* SegmentationManager.swift in Sources */,
				EB06C89D2C90274400A25E07 /* SettingSchema.swift in Sources */,
				EB06C7BB2C9023E500A25E07 /* Campaign.swift in Sources */,
				EB06C8612C90260700A25E07 /* LogLevelEnum.swift in Sources */,
				EB06C7DB2C90243300A25E07 /* CampaignUtil.swift in Sources */,
				EB06C7BD2C9023E700A25E07 /* Rule.swift in Sources */,
				EB5500882CA51C3C00A8B729 /* TrackEventAPI.swift in Sources */,
				EB06C7D92C90243300A25E07 /* ImpressionUtil.swift in Sources */,
				EB06C89C2C90273500A25E07 /* GetFlag.swift in Sources */,
				EB06C8912C9026EB00A25E07 /* SegmentOperandRegexEnum.swift in Sources */,
				EB06C87A2C90269600A25E07 /* NetworkClient.swift in Sources */,
				EB5500872CA51C3C00A8B729 /* SetAttributeAPI.swift in Sources */,
				EB06C8762C90267C00A25E07 /* NetworkManager.swift in Sources */,
				EB06C7FF2C90247600A25E07 /* UrlService.swift in Sources */,
				EB06C7C02C9023EB00A25E07 /* Storage.swift in Sources */,
				EB06C7BC2C9023E500A25E07 /* Group.swift in Sources */,
				EB06C7DF2C90243300A25E07 /* NetworkUtil.swift in Sources */,
				EB06C7EC2C90245300A25E07 /* CampaignTypeEnum.swift in Sources */,
				EB06C7D52C90243300A25E07 /* RuleEvaluationUtil.swift in Sources */,
				EB06C7C62C90241E00A25E07 /* Constants.swift in Sources */,
				EB06C8902C9026EB00A25E07 /* SegmentOperatorValueEnum.swift in Sources */,
				EB8560A72D364C2A00565862 /* FmeConfig.swift in Sources */,
				EB7E3D712D27D7A8009B572F /* EventData+CoreDataClass.swift in Sources */,
				EB06C7C12C9023EE00A25E07 /* Variable.swift in Sources */,
				EB06C7D62C90243300A25E07 /* UUIDUtils.swift in Sources */,
				EB06C7EE2C90245300A25E07 /* HeadersEnum.swift in Sources */,
				EB06C8A12C90274C00A25E07 /* RequestQueryParams.swift in Sources */,
				EB06C89F2C90274C00A25E07 /* EventArchData.swift in Sources */,
				EB7E3D6A2D27D3D3009B572F /* OffineEventData.xcdatamodeld in Sources */,
				EB06C7FB2C90247600A25E07 /* LoggerService.swift in Sources */,
				EB7E3D722D27D7A8009B572F /* EventData+CoreDataProperties.swift in Sources */,
				EB7E3D752D27F351009B572F /* CoreDataStack.swift in Sources */,
				EB06C7DA2C90243300A25E07 /* DecisionUtil.swift in Sources */,
				EB06C8A32C90274C00A25E07 /* Event.swift in Sources */,
				BAD427462E12763800C5C011 /* VWOStorageConnector.swift in Sources */,
				EB06C7B82C9023E500A25E07 /* ImpactCampaign.swift in Sources */,
				EB06C7EB2C90245300A25E07 /* EventEnum.swift in Sources */,
				EB7E3D772D27FAE5009B572F /* SyncManager.swift in Sources */,
				EB06C89A2C90273500A25E07 /* GatewayService.swift in Sources */,
				EB22C9DA2C946A8C00381E34 /* LocalStorageService.swift in Sources */,
				BA5DD5E52E321FED00D3A127 /* SdkMetaInfo.swift in Sources */,
				EB06C8952C9026F400A25E07 /* SegmentEvaluator.swift in Sources */,
				EB06C8A02C90274C00A25E07 /* EventArchPayload.swift in Sources */,
				EB06C7B92C9023E500A25E07 /* Metric.swift in Sources */,
				EB8D4B0F2D2BE96800DB924A /* NetworkMonitor.swift in Sources */,
				EB06C7DD2C90243300A25E07 /* SettingUtil.swift in Sources */,
				EB06C87F2C90269F00A25E07 /* GlobalRequestModel.swift in Sources */,
				EB5500862CA51C3C00A8B729 /* GetFlagAPI.swift in Sources */,
				EB06C7BF2C9023EB00A25E07 /* SegmentDslModel.swift in Sources */,
				BA6CF04F2E431F9E00FE5740 /* DeviceUtil.swift in Sources */,
				EB06C8A22C90274C00A25E07 /* SettingsQueryParams.swift in Sources */,
				EB373EC72DB92A13005713D1 /* UsageStatsUtil.swift in Sources */,
				EB06C86F2C90264A00A25E07 /* DecisionMaker.swift in Sources */,
				EBF290202C9057A6004BEA87 /* VWOInitEnum.swift in Sources */,
				EB06C7F22C90245300A25E07 /* StatusEnum.swift in Sources */,
				EB06C89E2C90274C00A25E07 /* Props.swift in Sources */,
				EB99AC812D2FF4E40011AC6C /* EventDataManager.swift in Sources */,
				EB06C7EF2C90245300A25E07 /* StorageEnum.swift in Sources */,
				EB06C8622C90260900A25E07 /* LogManager.swift in Sources */,
				EB06C79A2C90239C00A25E07 /* VWO.swift in Sources */,
				EB8D4B0C2D2BB49F00DB924A /* EventBatchQueryParams.swift in Sources */,
				EB06C7992C90239C00A25E07 /* VWOBuilder.swift in Sources */,
				EB06C8802C90269F00A25E07 /* ResponseModel.swift in Sources */,
				EB06C8992C90273500A25E07 /* VWOUserContext.swift in Sources */,
				EB06C89B2C90273500A25E07 /* VWOInitOptions.swift in Sources */,
				EB06C7DE2C90243300A25E07 /* GatewayServiceUtil.swift in Sources */,
				EB06C7D72C90243300A25E07 /* FunctionUtil.swift in Sources */,
				EB06C7C32C9023F000A25E07 /* Visitor.swift in Sources */,
				EB06C7C22C9023EE00A25E07 /* Variation.swift in Sources */,
				EB06C7FE2C90247600A25E07 /* HooksManager.swift in Sources */,
				EB06C7E02C90243300A25E07 /* SDKMetaUtil.swift in Sources */,
				EB06C8732C90266D00A25E07 /* RequestHandler.swift in Sources */,
			);
			runOnlyForDeploymentPostprocessing = 0;
		};
		EB373E632D9D2B51005713D1 /* Sources */ = {
			isa = PBXSourcesBuildPhase;
			buildActionMask = 2147483647;
			files = (
				EB544EFD2DD5DD20006AA817 /* LogManagerTests.swift in Sources */,
				EB373E7C2D9E99C9005713D1 /* TestDataLoader.swift in Sources */,
				EB373EB12DAE69EC005713D1 /* FunctionUtilTests.swift in Sources */,
				EB544F112DD613D8006AA817 /* UsageStatsTests.swift in Sources */,
				EB373E6A2D9D2B51005713D1 /* VWO_FMETests.swift in Sources */,
				BAE6CFE92E4396360041118A /* DeviceUtilTests.swift in Sources */,
				EB373E752D9D484C005713D1 /* DecisionMakerTests.swift in Sources */,
				EB544F072DD5FBA6006AA817 /* EnumTests.swift in Sources */,
				EB373E782D9E7E08005713D1 /* SegmentEvaluatorTests.swift in Sources */,
				EB373E8A2DA637C2005713D1 /* MockHookManager.swift in Sources */,
				EB544F042DD5FA08006AA817 /* FeatureTests.swift in Sources */,
				EB373EAF2DAE4344005713D1 /* TrackEventTests.swift in Sources */,
				BAE6CFE72E4384880041118A /* SegmentOperandEvaluatorTests.swift in Sources */,
				EB7A73372DDC67190034279F /* CampaignUtilTests.swift in Sources */,
				EB373E8E2DA649DA005713D1 /* FlagTestDataLoader.swift in Sources */,
				EB544F012DD5F788006AA817 /* SegmentOperatorValueEnumTests.swift in Sources */,
				EB373EBD2DAE9AF5005713D1 /* FmeConfigTests.swift in Sources */,
				EB544F0C2DD60E76006AA817 /* SettingsSchemaTests.swift in Sources */,
				EB544F172DD73E28006AA817 /* DataTypeUtilTests.swift in Sources */,
				EB373EC32DAFA8A6005713D1 /* DictionaryTests.swift in Sources */,
				EB373EC02DAF82A2005713D1 /* EventDataManagerTests.swift in Sources */,
				EB373EB82DAE8013005713D1 /* SettingUtilTests.swift in Sources */,
				EB373EAC2DAE1FC2005713D1 /* UUIDUtilsTests.swift in Sources */,
				EB373E862DA54B77005713D1 /* GetFlagTests.swift in Sources */,
				EB544F222DD784A3006AA817 /* SyncManagerTests.swift in Sources */,
			);
			runOnlyForDeploymentPostprocessing = 0;
		};
/* End PBXSourcesBuildPhase section */

/* Begin PBXTargetDependency section */
		EB373E6D2D9D2B51005713D1 /* PBXTargetDependency */ = {
			isa = PBXTargetDependency;
			target = EB06C77F2C90229B00A25E07 /* VWO-FME */;
			targetProxy = EB373E6C2D9D2B51005713D1 /* PBXContainerItemProxy */;
		};
/* End PBXTargetDependency section */

/* Begin XCBuildConfiguration section */
		EB06C7852C90229B00A25E07 /* Debug */ = {
			isa = XCBuildConfiguration;
			buildSettings = {
				ALWAYS_SEARCH_USER_PATHS = NO;
				ASSETCATALOG_COMPILER_GENERATE_SWIFT_ASSET_SYMBOL_EXTENSIONS = YES;
				CLANG_ANALYZER_NONNULL = YES;
				CLANG_ANALYZER_NUMBER_OBJECT_CONVERSION = YES_AGGRESSIVE;
				CLANG_CXX_LANGUAGE_STANDARD = "gnu++20";
				CLANG_ENABLE_MODULES = YES;
				CLANG_ENABLE_OBJC_ARC = YES;
				CLANG_ENABLE_OBJC_WEAK = YES;
				CLANG_WARN_BLOCK_CAPTURE_AUTORELEASING = YES;
				CLANG_WARN_BOOL_CONVERSION = YES;
				CLANG_WARN_COMMA = YES;
				CLANG_WARN_CONSTANT_CONVERSION = YES;
				CLANG_WARN_DEPRECATED_OBJC_IMPLEMENTATIONS = YES;
				CLANG_WARN_DIRECT_OBJC_ISA_USAGE = YES_ERROR;
				CLANG_WARN_DOCUMENTATION_COMMENTS = YES;
				CLANG_WARN_EMPTY_BODY = YES;
				CLANG_WARN_ENUM_CONVERSION = YES;
				CLANG_WARN_INFINITE_RECURSION = YES;
				CLANG_WARN_INT_CONVERSION = YES;
				CLANG_WARN_NON_LITERAL_NULL_CONVERSION = YES;
				CLANG_WARN_OBJC_IMPLICIT_RETAIN_SELF = YES;
				CLANG_WARN_OBJC_LITERAL_CONVERSION = YES;
				CLANG_WARN_OBJC_ROOT_CLASS = YES_ERROR;
				CLANG_WARN_QUOTED_INCLUDE_IN_FRAMEWORK_HEADER = YES;
				CLANG_WARN_RANGE_LOOP_ANALYSIS = YES;
				CLANG_WARN_STRICT_PROTOTYPES = YES;
				CLANG_WARN_SUSPICIOUS_MOVE = YES;
				CLANG_WARN_UNGUARDED_AVAILABILITY = YES_AGGRESSIVE;
				CLANG_WARN_UNREACHABLE_CODE = YES;
				CLANG_WARN__DUPLICATE_METHOD_MATCH = YES;
				COPY_PHASE_STRIP = NO;
				CURRENT_PROJECT_VERSION = 1;
				DEBUG_INFORMATION_FORMAT = dwarf;
				ENABLE_STRICT_OBJC_MSGSEND = YES;
				ENABLE_TESTABILITY = YES;
				ENABLE_USER_SCRIPT_SANDBOXING = NO;
				GCC_C_LANGUAGE_STANDARD = gnu17;
				GCC_DYNAMIC_NO_PIC = NO;
				GCC_NO_COMMON_BLOCKS = YES;
				GCC_OPTIMIZATION_LEVEL = 0;
				GCC_PREPROCESSOR_DEFINITIONS = (
					"DEBUG=1",
					"$(inherited)",
				);
				GCC_WARN_64_TO_32_BIT_CONVERSION = YES;
				GCC_WARN_ABOUT_RETURN_TYPE = YES_ERROR;
				GCC_WARN_UNDECLARED_SELECTOR = YES;
				GCC_WARN_UNINITIALIZED_AUTOS = YES_AGGRESSIVE;
				GCC_WARN_UNUSED_FUNCTION = YES;
				GCC_WARN_UNUSED_VARIABLE = YES;
				IPHONEOS_DEPLOYMENT_TARGET = 12.0;
				LOCALIZATION_PREFERS_STRING_CATALOGS = YES;
				MTL_ENABLE_DEBUG_INFO = INCLUDE_SOURCE;
				MTL_FAST_MATH = YES;
				ONLY_ACTIVE_ARCH = YES;
				SDKROOT = iphoneos;
				SWIFT_ACTIVE_COMPILATION_CONDITIONS = "DEBUG $(inherited)";
				SWIFT_OPTIMIZATION_LEVEL = "-Onone";
				VERSIONING_SYSTEM = "apple-generic";
				VERSION_INFO_PREFIX = "";
			};
			name = Debug;
		};
		EB06C7862C90229B00A25E07 /* Release */ = {
			isa = XCBuildConfiguration;
			buildSettings = {
				ALWAYS_SEARCH_USER_PATHS = NO;
				ASSETCATALOG_COMPILER_GENERATE_SWIFT_ASSET_SYMBOL_EXTENSIONS = YES;
				CLANG_ANALYZER_NONNULL = YES;
				CLANG_ANALYZER_NUMBER_OBJECT_CONVERSION = YES_AGGRESSIVE;
				CLANG_CXX_LANGUAGE_STANDARD = "gnu++20";
				CLANG_ENABLE_MODULES = YES;
				CLANG_ENABLE_OBJC_ARC = YES;
				CLANG_ENABLE_OBJC_WEAK = YES;
				CLANG_WARN_BLOCK_CAPTURE_AUTORELEASING = YES;
				CLANG_WARN_BOOL_CONVERSION = YES;
				CLANG_WARN_COMMA = YES;
				CLANG_WARN_CONSTANT_CONVERSION = YES;
				CLANG_WARN_DEPRECATED_OBJC_IMPLEMENTATIONS = YES;
				CLANG_WARN_DIRECT_OBJC_ISA_USAGE = YES_ERROR;
				CLANG_WARN_DOCUMENTATION_COMMENTS = YES;
				CLANG_WARN_EMPTY_BODY = YES;
				CLANG_WARN_ENUM_CONVERSION = YES;
				CLANG_WARN_INFINITE_RECURSION = YES;
				CLANG_WARN_INT_CONVERSION = YES;
				CLANG_WARN_NON_LITERAL_NULL_CONVERSION = YES;
				CLANG_WARN_OBJC_IMPLICIT_RETAIN_SELF = YES;
				CLANG_WARN_OBJC_LITERAL_CONVERSION = YES;
				CLANG_WARN_OBJC_ROOT_CLASS = YES_ERROR;
				CLANG_WARN_QUOTED_INCLUDE_IN_FRAMEWORK_HEADER = YES;
				CLANG_WARN_RANGE_LOOP_ANALYSIS = YES;
				CLANG_WARN_STRICT_PROTOTYPES = YES;
				CLANG_WARN_SUSPICIOUS_MOVE = YES;
				CLANG_WARN_UNGUARDED_AVAILABILITY = YES_AGGRESSIVE;
				CLANG_WARN_UNREACHABLE_CODE = YES;
				CLANG_WARN__DUPLICATE_METHOD_MATCH = YES;
				COPY_PHASE_STRIP = NO;
				CURRENT_PROJECT_VERSION = 1;
				DEBUG_INFORMATION_FORMAT = "dwarf-with-dsym";
				ENABLE_NS_ASSERTIONS = NO;
				ENABLE_STRICT_OBJC_MSGSEND = YES;
				ENABLE_USER_SCRIPT_SANDBOXING = NO;
				GCC_C_LANGUAGE_STANDARD = gnu17;
				GCC_NO_COMMON_BLOCKS = YES;
				GCC_WARN_64_TO_32_BIT_CONVERSION = YES;
				GCC_WARN_ABOUT_RETURN_TYPE = YES_ERROR;
				GCC_WARN_UNDECLARED_SELECTOR = YES;
				GCC_WARN_UNINITIALIZED_AUTOS = YES_AGGRESSIVE;
				GCC_WARN_UNUSED_FUNCTION = YES;
				GCC_WARN_UNUSED_VARIABLE = YES;
				IPHONEOS_DEPLOYMENT_TARGET = 12.0;
				LOCALIZATION_PREFERS_STRING_CATALOGS = YES;
				MTL_ENABLE_DEBUG_INFO = NO;
				MTL_FAST_MATH = YES;
				SDKROOT = iphoneos;
				SWIFT_COMPILATION_MODE = wholemodule;
				VALIDATE_PRODUCT = YES;
				VERSIONING_SYSTEM = "apple-generic";
				VERSION_INFO_PREFIX = "";
			};
			name = Release;
		};
		EB06C7882C90229B00A25E07 /* Debug */ = {
			isa = XCBuildConfiguration;
			buildSettings = {
				BUILD_LIBRARY_FOR_DISTRIBUTION = YES;
				CODE_SIGN_STYLE = Automatic;
				CURRENT_PROJECT_VERSION = 1;
				DEFINES_MODULE = YES;
				DEVELOPMENT_TEAM = DBN26NC8KE;
				DYLIB_COMPATIBILITY_VERSION = 1;
				DYLIB_CURRENT_VERSION = 1;
				DYLIB_INSTALL_NAME_BASE = "@rpath";
				ENABLE_MODULE_VERIFIER = YES;
				GENERATE_INFOPLIST_FILE = YES;
				INFOPLIST_KEY_NSHumanReadableCopyright = "";
				INSTALL_PATH = "$(LOCAL_LIBRARY_DIR)/Frameworks";
				IPHONEOS_DEPLOYMENT_TARGET = 12.0;
				LD_RUNPATH_SEARCH_PATHS = (
					"$(inherited)",
					"@executable_path/Frameworks",
					"@loader_path/Frameworks",
				);
				MACOSX_DEPLOYMENT_TARGET = 10.14;
				MARKETING_VERSION = 1.0;
				MODULE_VERIFIER_SUPPORTED_LANGUAGES = "objective-c objective-c++";
				MODULE_VERIFIER_SUPPORTED_LANGUAGE_STANDARDS = "gnu17 gnu++20";
				PRODUCT_BUNDLE_IDENTIFIER = com.wingify.vwofme;
				PRODUCT_NAME = "$(TARGET_NAME:c99extidentifier)";
				SKIP_INSTALL = YES;
				SWIFT_EMIT_LOC_STRINGS = YES;
				SWIFT_VERSION = 5.0;
				TARGETED_DEVICE_FAMILY = "1,2";
				TVOS_DEPLOYMENT_TARGET = 12.0;
				WATCHOS_DEPLOYMENT_TARGET = 7.0;
			};
			name = Debug;
		};
		EB06C7892C90229B00A25E07 /* Release */ = {
			isa = XCBuildConfiguration;
			buildSettings = {
				BUILD_LIBRARY_FOR_DISTRIBUTION = YES;
				CODE_SIGN_STYLE = Automatic;
				CURRENT_PROJECT_VERSION = 1;
				DEFINES_MODULE = YES;
				DEVELOPMENT_TEAM = DBN26NC8KE;
				DYLIB_COMPATIBILITY_VERSION = 1;
				DYLIB_CURRENT_VERSION = 1;
				DYLIB_INSTALL_NAME_BASE = "@rpath";
				ENABLE_MODULE_VERIFIER = YES;
				GENERATE_INFOPLIST_FILE = YES;
				INFOPLIST_KEY_NSHumanReadableCopyright = "";
				INSTALL_PATH = "$(LOCAL_LIBRARY_DIR)/Frameworks";
				IPHONEOS_DEPLOYMENT_TARGET = 12.0;
				LD_RUNPATH_SEARCH_PATHS = (
					"$(inherited)",
					"@executable_path/Frameworks",
					"@loader_path/Frameworks",
				);
				MACOSX_DEPLOYMENT_TARGET = 10.14;
				MARKETING_VERSION = 1.0;
				MODULE_VERIFIER_SUPPORTED_LANGUAGES = "objective-c objective-c++";
				MODULE_VERIFIER_SUPPORTED_LANGUAGE_STANDARDS = "gnu17 gnu++20";
				PRODUCT_BUNDLE_IDENTIFIER = com.wingify.vwofme;
				PRODUCT_NAME = "$(TARGET_NAME:c99extidentifier)";
				SKIP_INSTALL = YES;
				SWIFT_EMIT_LOC_STRINGS = YES;
				SWIFT_VERSION = 5.0;
				TARGETED_DEVICE_FAMILY = "1,2";
				TVOS_DEPLOYMENT_TARGET = 12.0;
				WATCHOS_DEPLOYMENT_TARGET = 7.0;
			};
			name = Release;
		};
		EB373E6E2D9D2B51005713D1 /* Debug */ = {
			isa = XCBuildConfiguration;
			buildSettings = {
				CODE_SIGN_STYLE = Automatic;
				CURRENT_PROJECT_VERSION = 1;
				DEVELOPMENT_TEAM = DBN26NC8KE;
				ENABLE_USER_SCRIPT_SANDBOXING = YES;
				GENERATE_INFOPLIST_FILE = YES;
				IPHONEOS_DEPLOYMENT_TARGET = 13.0;
				MARKETING_VERSION = 1.0;
				PRODUCT_BUNDLE_IDENTIFIER = "com.wingify.demoapp.VWO-FMETests";
				PRODUCT_NAME = "$(TARGET_NAME)";
				SWIFT_EMIT_LOC_STRINGS = NO;
				SWIFT_VERSION = 5.0;
				TARGETED_DEVICE_FAMILY = "1,2";
			};
			name = Debug;
		};
		EB373E6F2D9D2B51005713D1 /* Release */ = {
			isa = XCBuildConfiguration;
			buildSettings = {
				CODE_SIGN_STYLE = Automatic;
				CURRENT_PROJECT_VERSION = 1;
				DEVELOPMENT_TEAM = DBN26NC8KE;
				ENABLE_USER_SCRIPT_SANDBOXING = YES;
				GENERATE_INFOPLIST_FILE = YES;
				IPHONEOS_DEPLOYMENT_TARGET = 13.0;
				MARKETING_VERSION = 1.0;
				PRODUCT_BUNDLE_IDENTIFIER = "com.wingify.demoapp.VWO-FMETests";
				PRODUCT_NAME = "$(TARGET_NAME)";
				SWIFT_EMIT_LOC_STRINGS = NO;
				SWIFT_VERSION = 5.0;
				TARGETED_DEVICE_FAMILY = "1,2";
			};
			name = Release;
		};
		EB8B063B2C918FC500592B9C /* Debug */ = {
			isa = XCBuildConfiguration;
			buildSettings = {
				BUILD_LIBRARY_FOR_DISTRIBUTION = YES;
				CODE_SIGN_STYLE = Automatic;
				DEVELOPMENT_TEAM = DBN26NC8KE;
				PRODUCT_NAME = "$(TARGET_NAME)";
			};
			name = Debug;
		};
		EB8B063C2C918FC500592B9C /* Release */ = {
			isa = XCBuildConfiguration;
			buildSettings = {
				BUILD_LIBRARY_FOR_DISTRIBUTION = YES;
				CODE_SIGN_STYLE = Automatic;
				DEVELOPMENT_TEAM = DBN26NC8KE;
				PRODUCT_NAME = "$(TARGET_NAME)";
			};
			name = Release;
		};
/* End XCBuildConfiguration section */

/* Begin XCConfigurationList section */
		EB06C77A2C90229B00A25E07 /* Build configuration list for PBXProject "VWO-FME" */ = {
			isa = XCConfigurationList;
			buildConfigurations = (
				EB06C7852C90229B00A25E07 /* Debug */,
				EB06C7862C90229B00A25E07 /* Release */,
			);
			defaultConfigurationIsVisible = 0;
			defaultConfigurationName = Release;
		};
		EB06C7872C90229B00A25E07 /* Build configuration list for PBXNativeTarget "VWO-FME" */ = {
			isa = XCConfigurationList;
			buildConfigurations = (
				EB06C7882C90229B00A25E07 /* Debug */,
				EB06C7892C90229B00A25E07 /* Release */,
			);
			defaultConfigurationIsVisible = 0;
			defaultConfigurationName = Release;
		};
		EB373E702D9D2B51005713D1 /* Build configuration list for PBXNativeTarget "VWO-FMETests" */ = {
			isa = XCConfigurationList;
			buildConfigurations = (
				EB373E6E2D9D2B51005713D1 /* Debug */,
				EB373E6F2D9D2B51005713D1 /* Release */,
			);
			defaultConfigurationIsVisible = 0;
			defaultConfigurationName = Release;
		};
		EB8B063A2C918FC500592B9C /* Build configuration list for PBXAggregateTarget "Universal-VWO-FME" */ = {
			isa = XCConfigurationList;
			buildConfigurations = (
				EB8B063B2C918FC500592B9C /* Debug */,
				EB8B063C2C918FC500592B9C /* Release */,
			);
			defaultConfigurationIsVisible = 0;
			defaultConfigurationName = Release;
		};
/* End XCConfigurationList section */

/* Begin XCVersionGroup section */
		EB7E3D682D27D3D3009B572F /* OffineEventData.xcdatamodeld */ = {
			isa = XCVersionGroup;
			children = (
				EB7E3D692D27D3D3009B572F /* OffineEventData.xcdatamodel */,
			);
			currentVersion = EB7E3D692D27D3D3009B572F /* OffineEventData.xcdatamodel */;
			path = OffineEventData.xcdatamodeld;
			sourceTree = "<group>";
			versionGroupType = wrapper.xcdatamodel;
		};
/* End XCVersionGroup section */
	};
	rootObject = EB06C7772C90229B00A25E07 /* Project object */;
}
